
Microsoft Visual Studio Solution File, Format Version 12.00
# Visual Studio Version 16
VisualStudioVersion = 16.0.28803.202
MinimumVisualStudioVersion = 10.0.40219.1
Project("{2150E333-8FDC-42A3-9474-1A3956D46DE8}") = "00 engine", "00 engine", "{0B46C5AB-8277-4FAF-A654-67D52320EDEF}"
EndProject
Project("{2150E333-8FDC-42A3-9474-1A3956D46DE8}") = "99 3rd", "99 3rd", "{0F632ED2-9D68-41EF-B907-9339875F6FAC}"
EndProject
Project("{2150E333-8FDC-42A3-9474-1A3956D46DE8}") = "newton-dynamics", "newton-dynamics", "{B405F994-43F4-4E4C-A562-B2B38609B70B}"
EndProject
Project("{2150E333-8FDC-42A3-9474-1A3956D46DE8}") = "30 examples", "30 examples", "{7E6E6B1C-9F5A-4C8A-8347-4ECEDE719AF5}"
EndProject
Project("{2150E333-8FDC-42A3-9474-1A3956D46DE8}") = "50 tools", "50 tools", "{C9F137FC-86AD-4A45-A55B-67B92D3CA836}"
EndProject
Project("{8BC9CEB8-8B4A-11D0-8D11-00A0C91BC942}") = "00 FirstSteps", "..\..\..\examples\00 FirstSteps\vs\FirstSteps.vcxproj", "{DE10D3FF-0276-4E49-8BBB-D935F15BA21F}"
	ProjectSection(ProjectDependencies) = postProject
		{4BFF697B-A2DC-472B-BA1A-4169BCEFA532} = {4BFF697B-A2DC-472B-BA1A-4169BCEFA532}
	EndProjectSection
EndProject
Project("{8BC9CEB8-8B4A-11D0-8D11-00A0C91BC942}") = "01 Keyboard", "..\..\..\examples\01 Keyboard\vs\Keyboard.vcxproj", "{C233375C-10AB-42B4-9AF3-DEB554508AF2}"
	ProjectSection(ProjectDependencies) = postProject
		{4BFF697B-A2DC-472B-BA1A-4169BCEFA532} = {4BFF697B-A2DC-472B-BA1A-4169BCEFA532}
	EndProjectSection
EndProject
Project("{8BC9CEB8-8B4A-11D0-8D11-00A0C91BC942}") = "02 Mouse", "..\..\..\examples\02 Mouse\vs\Mouse.vcxproj", "{9A6D1B91-E863-4F7B-9CB4-8F6B5B03AE12}"
	ProjectSection(ProjectDependencies) = postProject
		{4BFF697B-A2DC-472B-BA1A-4169BCEFA532} = {4BFF697B-A2DC-472B-BA1A-4169BCEFA532}
	EndProjectSection
EndProject
Project("{8BC9CEB8-8B4A-11D0-8D11-00A0C91BC942}") = "03 2D", "..\..\..\examples\03 2D\vs\OpenGL2D.vcxproj", "{B461C4E9-B6C1-4423-AD0B-AA69E997F4CA}"
	ProjectSection(ProjectDependencies) = postProject
		{4BFF697B-A2DC-472B-BA1A-4169BCEFA532} = {4BFF697B-A2DC-472B-BA1A-4169BCEFA532}
	EndProjectSection
EndProject
Project("{8BC9CEB8-8B4A-11D0-8D11-00A0C91BC942}") = "04 3D", "..\..\..\examples\04 3D\vs\OpenGL3D.vcxproj", "{A22023DF-A529-488E-97A7-6B40F2CB5292}"
	ProjectSection(ProjectDependencies) = postProject
		{4BFF697B-A2DC-472B-BA1A-4169BCEFA532} = {4BFF697B-A2DC-472B-BA1A-4169BCEFA532}
	EndProjectSection
EndProject
Project("{8BC9CEB8-8B4A-11D0-8D11-00A0C91BC942}") = "05 Voxel", "..\..\..\examples\05 Voxels\vs\VoxelExample.vcxproj", "{62DDE12B-C5EE-4BDC-9F71-B8766D830A83}"
	ProjectSection(ProjectDependencies) = postProject
		{4BFF697B-A2DC-472B-BA1A-4169BCEFA532} = {4BFF697B-A2DC-472B-BA1A-4169BCEFA532}
	EndProjectSection
EndProject
Project("{8BC9CEB8-8B4A-11D0-8D11-00A0C91BC942}") = "06 Particles", "..\..\..\examples\06 Particles\vs\Particles.vcxproj", "{1D264481-B2E3-4580-949B-3CE6EF407365}"
	ProjectSection(ProjectDependencies) = postProject
		{4BFF697B-A2DC-472B-BA1A-4169BCEFA532} = {4BFF697B-A2DC-472B-BA1A-4169BCEFA532}
	EndProjectSection
EndProject
Project("{8BC9CEB8-8B4A-11D0-8D11-00A0C91BC942}") = "07 Physics", "..\..\..\examples\07 Physics\vs\Physics.vcxproj", "{4EDF115B-9166-4406-894E-53F0C61FC19B}"
	ProjectSection(ProjectDependencies) = postProject
		{4BFF697B-A2DC-472B-BA1A-4169BCEFA532} = {4BFF697B-A2DC-472B-BA1A-4169BCEFA532}
	EndProjectSection
EndProject
Project("{8BC9CEB8-8B4A-11D0-8D11-00A0C91BC942}") = "08 StateMachine", "..\..\..\examples\08 StateMachine\vs\StateMachineExample.vcxproj", "{9D71350B-7B0F-4BFE-ADAA-3A4829964EDC}"
	ProjectSection(ProjectDependencies) = postProject
		{4BFF697B-A2DC-472B-BA1A-4169BCEFA532} = {4BFF697B-A2DC-472B-BA1A-4169BCEFA532}
	EndProjectSection
EndProject
Project("{8BC9CEB8-8B4A-11D0-8D11-00A0C91BC942}") = "09 Widgets", "..\..\..\examples\09 Widgets\vs\WidgetsExample.vcxproj", "{4CA4F6D4-9DD5-4AD4-B0E7-00BA068679C8}"
	ProjectSection(ProjectDependencies) = postProject
		{4BFF697B-A2DC-472B-BA1A-4169BCEFA532} = {4BFF697B-A2DC-472B-BA1A-4169BCEFA532}
	EndProjectSection
EndProject
Project("{8BC9CEB8-8B4A-11D0-8D11-00A0C91BC942}") = "10 L-System", "..\..\..\examples\10 L-System\vs\L-Systems.vcxproj", "{2FCB1A51-160A-4BC3-8D34-09E321059F74}"
	ProjectSection(ProjectDependencies) = postProject
		{4BFF697B-A2DC-472B-BA1A-4169BCEFA532} = {4BFF697B-A2DC-472B-BA1A-4169BCEFA532}
	EndProjectSection
EndProject
Project("{8BC9CEB8-8B4A-11D0-8D11-00A0C91BC942}") = "11 Instancing", "..\..\..\examples\11 Instancing\vs\ExampleInstancing.vcxproj", "{DECC799F-A7D4-44FA-8F98-9AA4142FB16A}"
	ProjectSection(ProjectDependencies) = postProject
		{4BFF697B-A2DC-472B-BA1A-4169BCEFA532} = {4BFF697B-A2DC-472B-BA1A-4169BCEFA532}
	EndProjectSection
EndProject
Project("{8BC9CEB8-8B4A-11D0-8D11-00A0C91BC942}") = "12 CharacterController", "..\..\..\examples\12 CharacterController\vs\ExampleCharacterController.vcxproj", "{18AC13A1-6719-4CD0-8A6F-5E01D2A134D8}"
	ProjectSection(ProjectDependencies) = postProject
		{4BFF697B-A2DC-472B-BA1A-4169BCEFA532} = {4BFF697B-A2DC-472B-BA1A-4169BCEFA532}
	EndProjectSection
EndProject
Project("{8BC9CEB8-8B4A-11D0-8D11-00A0C91BC942}") = "99 Ascent", "..\..\..\examples\99 Ascent\vs\Ascent.vcxproj", "{0F2C1237-C722-4974-84ED-49B9141DE020}"
	ProjectSection(ProjectDependencies) = postProject
		{4BFF697B-A2DC-472B-BA1A-4169BCEFA532} = {4BFF697B-A2DC-472B-BA1A-4169BCEFA532}
	EndProjectSection
EndProject
Project("{8BC9CEB8-8B4A-11D0-8D11-00A0C91BC942}") = "ModelViewer", "..\..\Tools\ModelViewer\vs\ModelViewer.vcxproj", "{0F0F7416-3419-45BD-BA87-3175E368DBA5}"
	ProjectSection(ProjectDependencies) = postProject
		{4BFF697B-A2DC-472B-BA1A-4169BCEFA532} = {4BFF697B-A2DC-472B-BA1A-4169BCEFA532}
	EndProjectSection
EndProject
Project("{8BC9CEB8-8B4A-11D0-8D11-00A0C91BC942}") = "OBJ2OMPF", "..\..\Tools\OBJ2OMPF\vs\OBJ2OMPF.vcxproj", "{0A62B3B7-A004-43BC-A07C-BA09D9EA6230}"
	ProjectSection(ProjectDependencies) = postProject
		{4BFF697B-A2DC-472B-BA1A-4169BCEFA532} = {4BFF697B-A2DC-472B-BA1A-4169BCEFA532}
	EndProjectSection
EndProject
Project("{8BC9CEB8-8B4A-11D0-8D11-00A0C91BC942}") = "Testigor", "..\..\Testigor\vs\Testigor.vcxproj", "{644E7A06-D4BF-4BDE-8A97-435FD225B633}"
	ProjectSection(ProjectDependencies) = postProject
		{4BFF697B-A2DC-472B-BA1A-4169BCEFA532} = {4BFF697B-A2DC-472B-BA1A-4169BCEFA532}
	EndProjectSection
EndProject
Project("{8BC9CEB8-8B4A-11D0-8D11-00A0C91BC942}") = "core", "..\..\..\3rd\newton-dynamics\coreLibrary_300\projects\windows\project_vs2017_dll\core.vcxproj", "{57AC4F2D-B115-4931-8F6E-AF8AD616B6AA}"
EndProject
Project("{8BC9CEB8-8B4A-11D0-8D11-00A0C91BC942}") = "newton", "..\..\..\3rd\newton-dynamics\coreLibrary_300\projects\windows\project_vs2017_dll\newton.vcxproj", "{68D9962C-0EC7-445A-B0FD-F87B16D43901}"
EndProject
Project("{8BC9CEB8-8B4A-11D0-8D11-00A0C91BC942}") = "physics", "..\..\..\3rd\newton-dynamics\coreLibrary_300\projects\windows\project_vs2017_dll\physics.vcxproj", "{39737A8F-6151-4259-8E39-25530345D4B4}"
EndProject
Project("{8BC9CEB8-8B4A-11D0-8D11-00A0C91BC942}") = "Igor", "Igor.vcxproj", "{4BFF697B-A2DC-472B-BA1A-4169BCEFA532}"
	ProjectSection(ProjectDependencies) = postProject
		{E6761A09-13E3-42C5-94CD-636A5CDF5C5A} = {E6761A09-13E3-42C5-94CD-636A5CDF5C5A}
		{68D9962C-0EC7-445A-B0FD-F87B16D43901} = {68D9962C-0EC7-445A-B0FD-F87B16D43901}
		{150076EC-4F94-44FA-9AB3-ADF35CC13ADA} = {150076EC-4F94-44FA-9AB3-ADF35CC13ADA}
	EndProjectSection
EndProject
Project("{8BC9CEB8-8B4A-11D0-8D11-00A0C91BC942}") = "IgorAux", "..\..\IgorAux\vs\IgorAux.vcxproj", "{150076EC-4F94-44FA-9AB3-ADF35CC13ADA}"
EndProject
Project("{8BC9CEB8-8B4A-11D0-8D11-00A0C91BC942}") = "OMPF", "..\..\OMPF\vs\OMPF.vcxproj", "{E6761A09-13E3-42C5-94CD-636A5CDF5C5A}"
	ProjectSection(ProjectDependencies) = postProject
		{150076EC-4F94-44FA-9AB3-ADF35CC13ADA} = {150076EC-4F94-44FA-9AB3-ADF35CC13ADA}
	EndProjectSection
EndProject
Project("{2150E333-8FDC-42A3-9474-1A3956D46DE8}") = "10 shaders", "10 shaders", "{70B0CE8D-2741-417A-88FE-8D22B915E49D}"
EndProject
Project("{2150E333-8FDC-42A3-9474-1A3956D46DE8}") = "igor", "igor", "{EFA7EEBF-F3E7-45B6-8D84-2752A45F9832}"
	ProjectSection(SolutionItems) = preProject
		..\..\..\data\shaders\igor\default.vert = ..\..\..\data\shaders\igor\default.vert
		..\..\..\data\shaders\igor\default_directional_light.frag = ..\..\..\data\shaders\igor\default_directional_light.frag
		..\..\..\data\shaders\igor\default_ipo.vert = ..\..\..\data\shaders\igor\default_ipo.vert
		..\..\..\data\shaders\igor\default_ipo_directional_light.frag = ..\..\..\data\shaders\igor\default_ipo_directional_light.frag
		..\..\..\data\shaders\igor\solidColor.frag = ..\..\..\data\shaders\igor\solidColor.frag
		..\..\..\data\shaders\igor\terrain.vert = ..\..\..\data\shaders\igor\terrain.vert
		..\..\..\data\shaders\igor\terrain_directional_light.frag = ..\..\..\data\shaders\igor\terrain_directional_light.frag
		..\..\..\data\shaders\igor\textured.vert = ..\..\..\data\shaders\igor\textured.vert
		..\..\..\data\shaders\igor\textured_directional_light.frag = ..\..\..\data\shaders\igor\textured_directional_light.frag
		..\..\..\data\shaders\igor\textured_ipo.vert = ..\..\..\data\shaders\igor\textured_ipo.vert
		..\..\..\data\shaders\igor\textured_ipo_directional_light.frag = ..\..\..\data\shaders\igor\textured_ipo_directional_light.frag
	EndProjectSection
EndProject
Project("{2150E333-8FDC-42A3-9474-1A3956D46DE8}") = "ModelViewer", "ModelViewer", "{F4AA71CA-1D8A-49E6-AC48-AB17B4F87133}"
	ProjectSection(SolutionItems) = preProject
		..\..\..\data\shaders\ModelViewer\yellow.frag = ..\..\..\data\shaders\ModelViewer\yellow.frag
	EndProjectSection
EndProject
Project("{2150E333-8FDC-42A3-9474-1A3956D46DE8}") = "ascent", "ascent", "{CD1FE640-EB74-4129-ACC5-F385F85B07E3}"
	ProjectSection(SolutionItems) = preProject
		..\..\..\data\shaders\ascent\terrain.vert = ..\..\..\data\shaders\ascent\terrain.vert
		..\..\..\data\shaders\ascent\terrain_directional_light.frag = ..\..\..\data\shaders\ascent\terrain_directional_light.frag
		..\..\..\data\shaders\ascent\terrain_directional_light_1texture.frag = ..\..\..\data\shaders\ascent\terrain_directional_light_1texture.frag
	EndProjectSection
EndProject
Project("{2150E333-8FDC-42A3-9474-1A3956D46DE8}") = "20 docs", "20 docs", "{9760AAD7-4C6F-4A9E-A67E-BA19F6D9C177}"
	ProjectSection(SolutionItems) = preProject
		..\..\docs\changelog.md = ..\..\docs\changelog.md
		..\..\docs\contribute.md = ..\..\docs\contribute.md
		..\..\docs\DataFlow.vsdx = ..\..\docs\DataFlow.vsdx
		..\..\docs\Doxyfile.doxy = ..\..\docs\Doxyfile.doxy
		..\..\docs\Example00_FirstSteps.md = ..\..\docs\Example00_FirstSteps.md
		..\..\docs\Example01_Keyboard.md = ..\..\docs\Example01_Keyboard.md
		..\..\docs\Example02_Mouse.md = ..\..\docs\Example02_Mouse.md
		..\..\docs\Example03_2D_Rendering.md = ..\..\docs\Example03_2D_Rendering.md
		..\..\docs\Example04_3D_Rendering.md = ..\..\docs\Example04_3D_Rendering.md
		..\..\docs\Example05_Voxel.md = ..\..\docs\Example05_Voxel.md
		..\..\docs\Example06_Particles.md = ..\..\docs\Example06_Particles.md
		..\..\docs\Example07_Physics.md = ..\..\docs\Example07_Physics.md
		..\..\docs\Example10_L-System.md = ..\..\docs\Example10_L-System.md
		..\..\docs\mainpage.md = ..\..\docs\mainpage.md
		..\..\docs\OMPF-Format.xlsx = ..\..\docs\OMPF-Format.xlsx
		..\..\docs\SceneAndOctree.vsdx = ..\..\docs\SceneAndOctree.vsdx
		..\..\docs\styleguide.md = ..\..\docs\styleguide.md
		..\..\docs\tutorials.md = ..\..\docs\tutorials.md
	EndProjectSection
EndProject
Project("{2150E333-8FDC-42A3-9474-1A3956D46DE8}") = "40 tests", "40 tests", "{E24643EA-12BE-43D9-9F75-39C9B13FA6EC}"
EndProject
Project("{8BC9CEB8-8B4A-11D0-8D11-00A0C91BC942}") = "IgorAuxMath", "..\..\Tests\IgorAuxMath\IgorAuxMath.vcxproj", "{A1A746BA-34BE-4925-B73D-EB2D91855EA4}"
EndProject
Project("{8BC9CEB8-8B4A-11D0-8D11-00A0C91BC942}") = "13 SpriteAnimation", "..\..\..\examples\13 SpriteAnimation\vs\SpriteAnimation.vcxproj", "{271308E6-6556-49F8-9AA7-DE497110FA6A}"
EndProject
Global
	GlobalSection(SolutionConfigurationPlatforms) = preSolution
		Debug|x64 = Debug|x64
		Debug|x86 = Debug|x86
		Release|x64 = Release|x64
		Release|x86 = Release|x86
	EndGlobalSection
	GlobalSection(ProjectConfigurationPlatforms) = postSolution
		{DE10D3FF-0276-4E49-8BBB-D935F15BA21F}.Debug|x64.ActiveCfg = Debug|x64
		{DE10D3FF-0276-4E49-8BBB-D935F15BA21F}.Debug|x64.Build.0 = Debug|x64
		{DE10D3FF-0276-4E49-8BBB-D935F15BA21F}.Debug|x86.ActiveCfg = Debug|Win32
		{DE10D3FF-0276-4E49-8BBB-D935F15BA21F}.Debug|x86.Build.0 = Debug|Win32
		{DE10D3FF-0276-4E49-8BBB-D935F15BA21F}.Release|x64.ActiveCfg = Release|x64
		{DE10D3FF-0276-4E49-8BBB-D935F15BA21F}.Release|x64.Build.0 = Release|x64
		{DE10D3FF-0276-4E49-8BBB-D935F15BA21F}.Release|x86.ActiveCfg = Release|Win32
		{DE10D3FF-0276-4E49-8BBB-D935F15BA21F}.Release|x86.Build.0 = Release|Win32
		{C233375C-10AB-42B4-9AF3-DEB554508AF2}.Debug|x64.ActiveCfg = Debug|x64
		{C233375C-10AB-42B4-9AF3-DEB554508AF2}.Debug|x64.Build.0 = Debug|x64
		{C233375C-10AB-42B4-9AF3-DEB554508AF2}.Debug|x86.ActiveCfg = Debug|Win32
		{C233375C-10AB-42B4-9AF3-DEB554508AF2}.Debug|x86.Build.0 = Debug|Win32
		{C233375C-10AB-42B4-9AF3-DEB554508AF2}.Release|x64.ActiveCfg = Release|x64
		{C233375C-10AB-42B4-9AF3-DEB554508AF2}.Release|x64.Build.0 = Release|x64
		{C233375C-10AB-42B4-9AF3-DEB554508AF2}.Release|x86.ActiveCfg = Release|Win32
		{C233375C-10AB-42B4-9AF3-DEB554508AF2}.Release|x86.Build.0 = Release|Win32
		{9A6D1B91-E863-4F7B-9CB4-8F6B5B03AE12}.Debug|x64.ActiveCfg = Debug|x64
		{9A6D1B91-E863-4F7B-9CB4-8F6B5B03AE12}.Debug|x64.Build.0 = Debug|x64
		{9A6D1B91-E863-4F7B-9CB4-8F6B5B03AE12}.Debug|x86.ActiveCfg = Debug|Win32
		{9A6D1B91-E863-4F7B-9CB4-8F6B5B03AE12}.Debug|x86.Build.0 = Debug|Win32
		{9A6D1B91-E863-4F7B-9CB4-8F6B5B03AE12}.Release|x64.ActiveCfg = Release|x64
		{9A6D1B91-E863-4F7B-9CB4-8F6B5B03AE12}.Release|x64.Build.0 = Release|x64
		{9A6D1B91-E863-4F7B-9CB4-8F6B5B03AE12}.Release|x86.ActiveCfg = Release|Win32
		{9A6D1B91-E863-4F7B-9CB4-8F6B5B03AE12}.Release|x86.Build.0 = Release|Win32
		{B461C4E9-B6C1-4423-AD0B-AA69E997F4CA}.Debug|x64.ActiveCfg = Debug|x64
		{B461C4E9-B6C1-4423-AD0B-AA69E997F4CA}.Debug|x64.Build.0 = Debug|x64
		{B461C4E9-B6C1-4423-AD0B-AA69E997F4CA}.Debug|x86.ActiveCfg = Debug|Win32
		{B461C4E9-B6C1-4423-AD0B-AA69E997F4CA}.Debug|x86.Build.0 = Debug|Win32
		{B461C4E9-B6C1-4423-AD0B-AA69E997F4CA}.Release|x64.ActiveCfg = Release|x64
		{B461C4E9-B6C1-4423-AD0B-AA69E997F4CA}.Release|x64.Build.0 = Release|x64
		{B461C4E9-B6C1-4423-AD0B-AA69E997F4CA}.Release|x86.ActiveCfg = Release|Win32
		{B461C4E9-B6C1-4423-AD0B-AA69E997F4CA}.Release|x86.Build.0 = Release|Win32
		{A22023DF-A529-488E-97A7-6B40F2CB5292}.Debug|x64.ActiveCfg = Debug|x64
		{A22023DF-A529-488E-97A7-6B40F2CB5292}.Debug|x64.Build.0 = Debug|x64
		{A22023DF-A529-488E-97A7-6B40F2CB5292}.Debug|x86.ActiveCfg = Debug|Win32
		{A22023DF-A529-488E-97A7-6B40F2CB5292}.Debug|x86.Build.0 = Debug|Win32
		{A22023DF-A529-488E-97A7-6B40F2CB5292}.Release|x64.ActiveCfg = Release|x64
		{A22023DF-A529-488E-97A7-6B40F2CB5292}.Release|x64.Build.0 = Release|x64
		{A22023DF-A529-488E-97A7-6B40F2CB5292}.Release|x86.ActiveCfg = Release|Win32
		{A22023DF-A529-488E-97A7-6B40F2CB5292}.Release|x86.Build.0 = Release|Win32
		{62DDE12B-C5EE-4BDC-9F71-B8766D830A83}.Debug|x64.ActiveCfg = Debug|x64
		{62DDE12B-C5EE-4BDC-9F71-B8766D830A83}.Debug|x64.Build.0 = Debug|x64
		{62DDE12B-C5EE-4BDC-9F71-B8766D830A83}.Debug|x86.ActiveCfg = Debug|Win32
		{62DDE12B-C5EE-4BDC-9F71-B8766D830A83}.Debug|x86.Build.0 = Debug|Win32
		{62DDE12B-C5EE-4BDC-9F71-B8766D830A83}.Release|x64.ActiveCfg = Release|x64
		{62DDE12B-C5EE-4BDC-9F71-B8766D830A83}.Release|x64.Build.0 = Release|x64
		{62DDE12B-C5EE-4BDC-9F71-B8766D830A83}.Release|x86.ActiveCfg = Release|Win32
		{62DDE12B-C5EE-4BDC-9F71-B8766D830A83}.Release|x86.Build.0 = Release|Win32
		{1D264481-B2E3-4580-949B-3CE6EF407365}.Debug|x64.ActiveCfg = Debug|x64
		{1D264481-B2E3-4580-949B-3CE6EF407365}.Debug|x64.Build.0 = Debug|x64
		{1D264481-B2E3-4580-949B-3CE6EF407365}.Debug|x86.ActiveCfg = Debug|Win32
		{1D264481-B2E3-4580-949B-3CE6EF407365}.Debug|x86.Build.0 = Debug|Win32
		{1D264481-B2E3-4580-949B-3CE6EF407365}.Release|x64.ActiveCfg = Release|x64
		{1D264481-B2E3-4580-949B-3CE6EF407365}.Release|x64.Build.0 = Release|x64
		{1D264481-B2E3-4580-949B-3CE6EF407365}.Release|x86.ActiveCfg = Release|Win32
		{1D264481-B2E3-4580-949B-3CE6EF407365}.Release|x86.Build.0 = Release|Win32
		{4EDF115B-9166-4406-894E-53F0C61FC19B}.Debug|x64.ActiveCfg = Debug|x64
		{4EDF115B-9166-4406-894E-53F0C61FC19B}.Debug|x64.Build.0 = Debug|x64
		{4EDF115B-9166-4406-894E-53F0C61FC19B}.Debug|x86.ActiveCfg = Debug|Win32
		{4EDF115B-9166-4406-894E-53F0C61FC19B}.Debug|x86.Build.0 = Debug|Win32
		{4EDF115B-9166-4406-894E-53F0C61FC19B}.Release|x64.ActiveCfg = Release|x64
		{4EDF115B-9166-4406-894E-53F0C61FC19B}.Release|x64.Build.0 = Release|x64
		{4EDF115B-9166-4406-894E-53F0C61FC19B}.Release|x86.ActiveCfg = Release|Win32
		{4EDF115B-9166-4406-894E-53F0C61FC19B}.Release|x86.Build.0 = Release|Win32
		{9D71350B-7B0F-4BFE-ADAA-3A4829964EDC}.Debug|x64.ActiveCfg = Debug|x64
		{9D71350B-7B0F-4BFE-ADAA-3A4829964EDC}.Debug|x64.Build.0 = Debug|x64
		{9D71350B-7B0F-4BFE-ADAA-3A4829964EDC}.Debug|x86.ActiveCfg = Debug|Win32
		{9D71350B-7B0F-4BFE-ADAA-3A4829964EDC}.Debug|x86.Build.0 = Debug|Win32
		{9D71350B-7B0F-4BFE-ADAA-3A4829964EDC}.Release|x64.ActiveCfg = Release|x64
		{9D71350B-7B0F-4BFE-ADAA-3A4829964EDC}.Release|x64.Build.0 = Release|x64
		{9D71350B-7B0F-4BFE-ADAA-3A4829964EDC}.Release|x86.ActiveCfg = Release|Win32
		{9D71350B-7B0F-4BFE-ADAA-3A4829964EDC}.Release|x86.Build.0 = Release|Win32
		{4CA4F6D4-9DD5-4AD4-B0E7-00BA068679C8}.Debug|x64.ActiveCfg = Debug|x64
		{4CA4F6D4-9DD5-4AD4-B0E7-00BA068679C8}.Debug|x64.Build.0 = Debug|x64
		{4CA4F6D4-9DD5-4AD4-B0E7-00BA068679C8}.Debug|x86.ActiveCfg = Debug|Win32
		{4CA4F6D4-9DD5-4AD4-B0E7-00BA068679C8}.Debug|x86.Build.0 = Debug|Win32
		{4CA4F6D4-9DD5-4AD4-B0E7-00BA068679C8}.Release|x64.ActiveCfg = Release|x64
		{4CA4F6D4-9DD5-4AD4-B0E7-00BA068679C8}.Release|x64.Build.0 = Release|x64
		{4CA4F6D4-9DD5-4AD4-B0E7-00BA068679C8}.Release|x86.ActiveCfg = Release|Win32
		{4CA4F6D4-9DD5-4AD4-B0E7-00BA068679C8}.Release|x86.Build.0 = Release|Win32
		{2FCB1A51-160A-4BC3-8D34-09E321059F74}.Debug|x64.ActiveCfg = Debug|x64
		{2FCB1A51-160A-4BC3-8D34-09E321059F74}.Debug|x64.Build.0 = Debug|x64
		{2FCB1A51-160A-4BC3-8D34-09E321059F74}.Debug|x86.ActiveCfg = Debug|Win32
		{2FCB1A51-160A-4BC3-8D34-09E321059F74}.Debug|x86.Build.0 = Debug|Win32
		{2FCB1A51-160A-4BC3-8D34-09E321059F74}.Release|x64.ActiveCfg = Release|x64
		{2FCB1A51-160A-4BC3-8D34-09E321059F74}.Release|x64.Build.0 = Release|x64
		{2FCB1A51-160A-4BC3-8D34-09E321059F74}.Release|x86.ActiveCfg = Release|Win32
		{2FCB1A51-160A-4BC3-8D34-09E321059F74}.Release|x86.Build.0 = Release|Win32
		{DECC799F-A7D4-44FA-8F98-9AA4142FB16A}.Debug|x64.ActiveCfg = Debug|x64
		{DECC799F-A7D4-44FA-8F98-9AA4142FB16A}.Debug|x64.Build.0 = Debug|x64
		{DECC799F-A7D4-44FA-8F98-9AA4142FB16A}.Debug|x86.ActiveCfg = Debug|Win32
		{DECC799F-A7D4-44FA-8F98-9AA4142FB16A}.Debug|x86.Build.0 = Debug|Win32
		{DECC799F-A7D4-44FA-8F98-9AA4142FB16A}.Release|x64.ActiveCfg = Release|x64
		{DECC799F-A7D4-44FA-8F98-9AA4142FB16A}.Release|x64.Build.0 = Release|x64
		{DECC799F-A7D4-44FA-8F98-9AA4142FB16A}.Release|x86.ActiveCfg = Release|Win32
		{DECC799F-A7D4-44FA-8F98-9AA4142FB16A}.Release|x86.Build.0 = Release|Win32
		{18AC13A1-6719-4CD0-8A6F-5E01D2A134D8}.Debug|x64.ActiveCfg = Debug|x64
		{18AC13A1-6719-4CD0-8A6F-5E01D2A134D8}.Debug|x64.Build.0 = Debug|x64
		{18AC13A1-6719-4CD0-8A6F-5E01D2A134D8}.Debug|x86.ActiveCfg = Debug|Win32
		{18AC13A1-6719-4CD0-8A6F-5E01D2A134D8}.Debug|x86.Build.0 = Debug|Win32
		{18AC13A1-6719-4CD0-8A6F-5E01D2A134D8}.Release|x64.ActiveCfg = Release|x64
		{18AC13A1-6719-4CD0-8A6F-5E01D2A134D8}.Release|x64.Build.0 = Release|x64
		{18AC13A1-6719-4CD0-8A6F-5E01D2A134D8}.Release|x86.ActiveCfg = Release|Win32
		{18AC13A1-6719-4CD0-8A6F-5E01D2A134D8}.Release|x86.Build.0 = Release|Win32
		{0F2C1237-C722-4974-84ED-49B9141DE020}.Debug|x64.ActiveCfg = Debug|x64
		{0F2C1237-C722-4974-84ED-49B9141DE020}.Debug|x64.Build.0 = Debug|x64
		{0F2C1237-C722-4974-84ED-49B9141DE020}.Debug|x86.ActiveCfg = Debug|Win32
		{0F2C1237-C722-4974-84ED-49B9141DE020}.Debug|x86.Build.0 = Debug|Win32
		{0F2C1237-C722-4974-84ED-49B9141DE020}.Release|x64.ActiveCfg = Release|x64
		{0F2C1237-C722-4974-84ED-49B9141DE020}.Release|x64.Build.0 = Release|x64
		{0F2C1237-C722-4974-84ED-49B9141DE020}.Release|x86.ActiveCfg = Release|Win32
		{0F2C1237-C722-4974-84ED-49B9141DE020}.Release|x86.Build.0 = Release|Win32
		{0F0F7416-3419-45BD-BA87-3175E368DBA5}.Debug|x64.ActiveCfg = Debug|x64
		{0F0F7416-3419-45BD-BA87-3175E368DBA5}.Debug|x64.Build.0 = Debug|x64
		{0F0F7416-3419-45BD-BA87-3175E368DBA5}.Debug|x86.ActiveCfg = Debug|Win32
		{0F0F7416-3419-45BD-BA87-3175E368DBA5}.Debug|x86.Build.0 = Debug|Win32
		{0F0F7416-3419-45BD-BA87-3175E368DBA5}.Release|x64.ActiveCfg = Release|x64
		{0F0F7416-3419-45BD-BA87-3175E368DBA5}.Release|x64.Build.0 = Release|x64
		{0F0F7416-3419-45BD-BA87-3175E368DBA5}.Release|x86.ActiveCfg = Release|Win32
		{0F0F7416-3419-45BD-BA87-3175E368DBA5}.Release|x86.Build.0 = Release|Win32
		{0A62B3B7-A004-43BC-A07C-BA09D9EA6230}.Debug|x64.ActiveCfg = Debug|x64
		{0A62B3B7-A004-43BC-A07C-BA09D9EA6230}.Debug|x64.Build.0 = Debug|x64
		{0A62B3B7-A004-43BC-A07C-BA09D9EA6230}.Debug|x86.ActiveCfg = Debug|Win32
		{0A62B3B7-A004-43BC-A07C-BA09D9EA6230}.Debug|x86.Build.0 = Debug|Win32
		{0A62B3B7-A004-43BC-A07C-BA09D9EA6230}.Release|x64.ActiveCfg = Release|x64
		{0A62B3B7-A004-43BC-A07C-BA09D9EA6230}.Release|x64.Build.0 = Release|x64
		{0A62B3B7-A004-43BC-A07C-BA09D9EA6230}.Release|x86.ActiveCfg = Release|Win32
		{0A62B3B7-A004-43BC-A07C-BA09D9EA6230}.Release|x86.Build.0 = Release|Win32
		{644E7A06-D4BF-4BDE-8A97-435FD225B633}.Debug|x64.ActiveCfg = Debug|x64
		{644E7A06-D4BF-4BDE-8A97-435FD225B633}.Debug|x64.Build.0 = Debug|x64
		{644E7A06-D4BF-4BDE-8A97-435FD225B633}.Debug|x86.ActiveCfg = Debug|Win32
		{644E7A06-D4BF-4BDE-8A97-435FD225B633}.Debug|x86.Build.0 = Debug|Win32
		{644E7A06-D4BF-4BDE-8A97-435FD225B633}.Release|x64.ActiveCfg = Release|x64
		{644E7A06-D4BF-4BDE-8A97-435FD225B633}.Release|x64.Build.0 = Release|x64
		{644E7A06-D4BF-4BDE-8A97-435FD225B633}.Release|x86.ActiveCfg = Release|Win32
		{644E7A06-D4BF-4BDE-8A97-435FD225B633}.Release|x86.Build.0 = Release|Win32
		{57AC4F2D-B115-4931-8F6E-AF8AD616B6AA}.Debug|x64.ActiveCfg = debug|x64
		{57AC4F2D-B115-4931-8F6E-AF8AD616B6AA}.Debug|x64.Build.0 = debug|x64
		{57AC4F2D-B115-4931-8F6E-AF8AD616B6AA}.Debug|x86.ActiveCfg = debug|Win32
		{57AC4F2D-B115-4931-8F6E-AF8AD616B6AA}.Debug|x86.Build.0 = debug|Win32
		{57AC4F2D-B115-4931-8F6E-AF8AD616B6AA}.Release|x64.ActiveCfg = release|x64
		{57AC4F2D-B115-4931-8F6E-AF8AD616B6AA}.Release|x64.Build.0 = release|x64
		{57AC4F2D-B115-4931-8F6E-AF8AD616B6AA}.Release|x86.ActiveCfg = release|Win32
		{57AC4F2D-B115-4931-8F6E-AF8AD616B6AA}.Release|x86.Build.0 = release|Win32
		{68D9962C-0EC7-445A-B0FD-F87B16D43901}.Debug|x64.ActiveCfg = debug|x64
		{68D9962C-0EC7-445A-B0FD-F87B16D43901}.Debug|x64.Build.0 = debug|x64
		{68D9962C-0EC7-445A-B0FD-F87B16D43901}.Debug|x86.ActiveCfg = debug|Win32
		{68D9962C-0EC7-445A-B0FD-F87B16D43901}.Debug|x86.Build.0 = debug|Win32
		{68D9962C-0EC7-445A-B0FD-F87B16D43901}.Release|x64.ActiveCfg = release|x64
		{68D9962C-0EC7-445A-B0FD-F87B16D43901}.Release|x64.Build.0 = release|x64
		{68D9962C-0EC7-445A-B0FD-F87B16D43901}.Release|x86.ActiveCfg = release|Win32
		{68D9962C-0EC7-445A-B0FD-F87B16D43901}.Release|x86.Build.0 = release|Win32
		{39737A8F-6151-4259-8E39-25530345D4B4}.Debug|x64.ActiveCfg = debug|x64
		{39737A8F-6151-4259-8E39-25530345D4B4}.Debug|x64.Build.0 = debug|x64
		{39737A8F-6151-4259-8E39-25530345D4B4}.Debug|x86.ActiveCfg = debug|Win32
		{39737A8F-6151-4259-8E39-25530345D4B4}.Debug|x86.Build.0 = debug|Win32
		{39737A8F-6151-4259-8E39-25530345D4B4}.Release|x64.ActiveCfg = release|x64
		{39737A8F-6151-4259-8E39-25530345D4B4}.Release|x64.Build.0 = release|x64
		{39737A8F-6151-4259-8E39-25530345D4B4}.Release|x86.ActiveCfg = release|Win32
		{39737A8F-6151-4259-8E39-25530345D4B4}.Release|x86.Build.0 = release|Win32
		{4BFF697B-A2DC-472B-BA1A-4169BCEFA532}.Debug|x64.ActiveCfg = Debug|x64
		{4BFF697B-A2DC-472B-BA1A-4169BCEFA532}.Debug|x64.Build.0 = Debug|x64
		{4BFF697B-A2DC-472B-BA1A-4169BCEFA532}.Debug|x86.ActiveCfg = Debug|Win32
		{4BFF697B-A2DC-472B-BA1A-4169BCEFA532}.Debug|x86.Build.0 = Debug|Win32
		{4BFF697B-A2DC-472B-BA1A-4169BCEFA532}.Release|x64.ActiveCfg = Release|x64
		{4BFF697B-A2DC-472B-BA1A-4169BCEFA532}.Release|x64.Build.0 = Release|x64
		{4BFF697B-A2DC-472B-BA1A-4169BCEFA532}.Release|x86.ActiveCfg = Release|Win32
		{4BFF697B-A2DC-472B-BA1A-4169BCEFA532}.Release|x86.Build.0 = Release|Win32
		{150076EC-4F94-44FA-9AB3-ADF35CC13ADA}.Debug|x64.ActiveCfg = Debug|x64
		{150076EC-4F94-44FA-9AB3-ADF35CC13ADA}.Debug|x64.Build.0 = Debug|x64
		{150076EC-4F94-44FA-9AB3-ADF35CC13ADA}.Debug|x86.ActiveCfg = Debug|Win32
		{150076EC-4F94-44FA-9AB3-ADF35CC13ADA}.Debug|x86.Build.0 = Debug|Win32
		{150076EC-4F94-44FA-9AB3-ADF35CC13ADA}.Release|x64.ActiveCfg = Release|x64
		{150076EC-4F94-44FA-9AB3-ADF35CC13ADA}.Release|x64.Build.0 = Release|x64
		{150076EC-4F94-44FA-9AB3-ADF35CC13ADA}.Release|x86.ActiveCfg = Release|Win32
		{150076EC-4F94-44FA-9AB3-ADF35CC13ADA}.Release|x86.Build.0 = Release|Win32
		{E6761A09-13E3-42C5-94CD-636A5CDF5C5A}.Debug|x64.ActiveCfg = Debug|x64
		{E6761A09-13E3-42C5-94CD-636A5CDF5C5A}.Debug|x64.Build.0 = Debug|x64
		{E6761A09-13E3-42C5-94CD-636A5CDF5C5A}.Debug|x86.ActiveCfg = Debug|Win32
		{E6761A09-13E3-42C5-94CD-636A5CDF5C5A}.Debug|x86.Build.0 = Debug|Win32
		{E6761A09-13E3-42C5-94CD-636A5CDF5C5A}.Release|x64.ActiveCfg = Release|x64
		{E6761A09-13E3-42C5-94CD-636A5CDF5C5A}.Release|x64.Build.0 = Release|x64
		{E6761A09-13E3-42C5-94CD-636A5CDF5C5A}.Release|x86.ActiveCfg = Release|Win32
		{E6761A09-13E3-42C5-94CD-636A5CDF5C5A}.Release|x86.Build.0 = Release|Win32
		{A1A746BA-34BE-4925-B73D-EB2D91855EA4}.Debug|x64.ActiveCfg = Debug|x64
		{A1A746BA-34BE-4925-B73D-EB2D91855EA4}.Debug|x64.Build.0 = Debug|x64
		{A1A746BA-34BE-4925-B73D-EB2D91855EA4}.Debug|x86.ActiveCfg = Debug|Win32
		{A1A746BA-34BE-4925-B73D-EB2D91855EA4}.Debug|x86.Build.0 = Debug|Win32
		{A1A746BA-34BE-4925-B73D-EB2D91855EA4}.Release|x64.ActiveCfg = Release|x64
		{A1A746BA-34BE-4925-B73D-EB2D91855EA4}.Release|x64.Build.0 = Release|x64
		{A1A746BA-34BE-4925-B73D-EB2D91855EA4}.Release|x86.ActiveCfg = Release|Win32
		{A1A746BA-34BE-4925-B73D-EB2D91855EA4}.Release|x86.Build.0 = Release|Win32
		{271308E6-6556-49F8-9AA7-DE497110FA6A}.Debug|x64.ActiveCfg = Debug|x64
		{271308E6-6556-49F8-9AA7-DE497110FA6A}.Debug|x64.Build.0 = Debug|x64
		{271308E6-6556-49F8-9AA7-DE497110FA6A}.Debug|x86.ActiveCfg = Debug|Win32
		{271308E6-6556-49F8-9AA7-DE497110FA6A}.Debug|x86.Build.0 = Debug|Win32
		{271308E6-6556-49F8-9AA7-DE497110FA6A}.Release|x64.ActiveCfg = Release|x64
		{271308E6-6556-49F8-9AA7-DE497110FA6A}.Release|x64.Build.0 = Release|x64
		{271308E6-6556-49F8-9AA7-DE497110FA6A}.Release|x86.ActiveCfg = Release|Win32
		{271308E6-6556-49F8-9AA7-DE497110FA6A}.Release|x86.Build.0 = Release|Win32
	EndGlobalSection
	GlobalSection(SolutionProperties) = preSolution
		HideSolutionNode = FALSE
	EndGlobalSection
	GlobalSection(NestedProjects) = preSolution
		{B405F994-43F4-4E4C-A562-B2B38609B70B} = {0F632ED2-9D68-41EF-B907-9339875F6FAC}
		{DE10D3FF-0276-4E49-8BBB-D935F15BA21F} = {7E6E6B1C-9F5A-4C8A-8347-4ECEDE719AF5}
		{C233375C-10AB-42B4-9AF3-DEB554508AF2} = {7E6E6B1C-9F5A-4C8A-8347-4ECEDE719AF5}
		{9A6D1B91-E863-4F7B-9CB4-8F6B5B03AE12} = {7E6E6B1C-9F5A-4C8A-8347-4ECEDE719AF5}
		{B461C4E9-B6C1-4423-AD0B-AA69E997F4CA} = {7E6E6B1C-9F5A-4C8A-8347-4ECEDE719AF5}
		{A22023DF-A529-488E-97A7-6B40F2CB5292} = {7E6E6B1C-9F5A-4C8A-8347-4ECEDE719AF5}
		{62DDE12B-C5EE-4BDC-9F71-B8766D830A83} = {7E6E6B1C-9F5A-4C8A-8347-4ECEDE719AF5}
		{1D264481-B2E3-4580-949B-3CE6EF407365} = {7E6E6B1C-9F5A-4C8A-8347-4ECEDE719AF5}
		{4EDF115B-9166-4406-894E-53F0C61FC19B} = {7E6E6B1C-9F5A-4C8A-8347-4ECEDE719AF5}
		{9D71350B-7B0F-4BFE-ADAA-3A4829964EDC} = {7E6E6B1C-9F5A-4C8A-8347-4ECEDE719AF5}
		{4CA4F6D4-9DD5-4AD4-B0E7-00BA068679C8} = {7E6E6B1C-9F5A-4C8A-8347-4ECEDE719AF5}
		{2FCB1A51-160A-4BC3-8D34-09E321059F74} = {7E6E6B1C-9F5A-4C8A-8347-4ECEDE719AF5}
		{DECC799F-A7D4-44FA-8F98-9AA4142FB16A} = {7E6E6B1C-9F5A-4C8A-8347-4ECEDE719AF5}
		{18AC13A1-6719-4CD0-8A6F-5E01D2A134D8} = {7E6E6B1C-9F5A-4C8A-8347-4ECEDE719AF5}
		{0F2C1237-C722-4974-84ED-49B9141DE020} = {7E6E6B1C-9F5A-4C8A-8347-4ECEDE719AF5}
		{0F0F7416-3419-45BD-BA87-3175E368DBA5} = {C9F137FC-86AD-4A45-A55B-67B92D3CA836}
		{0A62B3B7-A004-43BC-A07C-BA09D9EA6230} = {C9F137FC-86AD-4A45-A55B-67B92D3CA836}
		{644E7A06-D4BF-4BDE-8A97-435FD225B633} = {E24643EA-12BE-43D9-9F75-39C9B13FA6EC}
		{57AC4F2D-B115-4931-8F6E-AF8AD616B6AA} = {B405F994-43F4-4E4C-A562-B2B38609B70B}
		{68D9962C-0EC7-445A-B0FD-F87B16D43901} = {B405F994-43F4-4E4C-A562-B2B38609B70B}
		{39737A8F-6151-4259-8E39-25530345D4B4} = {B405F994-43F4-4E4C-A562-B2B38609B70B}
		{4BFF697B-A2DC-472B-BA1A-4169BCEFA532} = {0B46C5AB-8277-4FAF-A654-67D52320EDEF}
		{150076EC-4F94-44FA-9AB3-ADF35CC13ADA} = {0B46C5AB-8277-4FAF-A654-67D52320EDEF}
		{E6761A09-13E3-42C5-94CD-636A5CDF5C5A} = {0B46C5AB-8277-4FAF-A654-67D52320EDEF}
		{EFA7EEBF-F3E7-45B6-8D84-2752A45F9832} = {70B0CE8D-2741-417A-88FE-8D22B915E49D}
		{F4AA71CA-1D8A-49E6-AC48-AB17B4F87133} = {70B0CE8D-2741-417A-88FE-8D22B915E49D}
		{CD1FE640-EB74-4129-ACC5-F385F85B07E3} = {70B0CE8D-2741-417A-88FE-8D22B915E49D}
		{A1A746BA-34BE-4925-B73D-EB2D91855EA4} = {E24643EA-12BE-43D9-9F75-39C9B13FA6EC}
		{271308E6-6556-49F8-9AA7-DE497110FA6A} = {7E6E6B1C-9F5A-4C8A-8347-4ECEDE719AF5}
	EndGlobalSection
	GlobalSection(ExtensibilityGlobals) = postSolution
		SolutionGuid = {098BE07D-7587-43C8-B6F6-259A53386771}
	EndGlobalSection
EndGlobal
