<?xml version="1.0" encoding="utf-8"?>
<Project ToolsVersion="4.0" xmlns="http://schemas.microsoft.com/developer/msbuild/2003">
  <ItemGroup>
    <ClCompile Include="..\src\Igor.cpp" />
    <ClCompile Include="..\..\..\3rd\GLee\src\GLee.c">
      <Filter>3rd\GLee</Filter>
    </ClCompile>
    <ClCompile Include="..\..\..\3rd\TinyXML\tinystr.cpp">
      <Filter>3rd\TinyXML</Filter>
    </ClCompile>
    <ClCompile Include="..\..\..\3rd\TinyXML\tinyxml.cpp">
      <Filter>3rd\TinyXML</Filter>
    </ClCompile>
    <ClCompile Include="..\..\..\3rd\TinyXML\tinyxmlerror.cpp">
      <Filter>3rd\TinyXML</Filter>
    </ClCompile>
    <ClCompile Include="..\..\..\3rd\TinyXML\tinyxmlparser.cpp">
      <Filter>3rd\TinyXML</Filter>
    </ClCompile>
    <ClCompile Include="..\src\iApplication.cpp">
      <Filter>application</Filter>
    </ClCompile>
    <ClCompile Include="..\src\iKeyboard.cpp">
      <Filter>devices</Filter>
    </ClCompile>
    <ClCompile Include="..\src\iKeyCodeMap.cpp">
      <Filter>devices</Filter>
    </ClCompile>
    <ClCompile Include="..\src\iMouse.cpp">
      <Filter>devices</Filter>
    </ClCompile>
    <ClCompile Include="..\src\iRenderer.cpp">
      <Filter>graphics\OpenGL</Filter>
    </ClCompile>
    <ClCompile Include="..\src\iParticleSystem2D.cpp">
      <Filter>graphics\simulation</Filter>
    </ClCompile>
    <ClCompile Include="..\src\iCelestialNode.cpp">
      <Filter>graphics\scene\nodes</Filter>
    </ClCompile>
    <ClCompile Include="..\src\iNode.cpp">
      <Filter>graphics\scene\nodes</Filter>
    </ClCompile>
    <ClCompile Include="..\src\iSkyLightNode.cpp">
      <Filter>graphics\scene\nodes</Filter>
    </ClCompile>
    <ClCompile Include="..\src\iNodeFactory.cpp">
      <Filter>graphics\scene\nodes</Filter>
    </ClCompile>
    <ClCompile Include="..\src\iConfigReader.cpp">
      <Filter>resources\configuration</Filter>
    </ClCompile>
    <ClCompile Include="..\src\iTexture.cpp">
      <Filter>resources\texture</Filter>
    </ClCompile>
    <ClCompile Include="..\src\iTextureResourceFactory.cpp">
      <Filter>resources\texture</Filter>
    </ClCompile>
    <ClCompile Include="..\src\iResourceManager.cpp">
      <Filter>resources</Filter>
    </ClCompile>
    <ClCompile Include="..\src\iModel.cpp">
      <Filter>resources\models</Filter>
    </ClCompile>
    <ClCompile Include="..\src\iModelResourceFactory.cpp">
      <Filter>resources\models</Filter>
    </ClCompile>
    <ClCompile Include="..\src\iMesh.cpp">
      <Filter>resources\mesh</Filter>
    </ClCompile>
    <ClCompile Include="..\src\iMeshBuilder.cpp">
      <Filter>resources\mesh</Filter>
    </ClCompile>
    <ClCompile Include="..\src\iPhysics.cpp">
      <Filter>physics</Filter>
    </ClCompile>
    <ClCompile Include="..\src\iPhysicsBody.cpp">
      <Filter>physics</Filter>
    </ClCompile>
    <ClCompile Include="..\src\iPhysicsCollision.cpp">
      <Filter>physics</Filter>
    </ClCompile>
    <ClCompile Include="..\src\Intersection3D.cpp">
      <Filter>todo</Filter>
    </ClCompile>
    <ClCompile Include="..\src\iSkySimulation.cpp">
      <Filter>todo</Filter>
    </ClCompile>
    <ClCompile Include="..\src\iSoundResourceFactory.cpp">
      <Filter>todo</Filter>
    </ClCompile>
    <ClCompile Include="..\src\iTask.cpp">
      <Filter>threading\tasks</Filter>
    </ClCompile>
    <ClCompile Include="..\src\iRenderContextThread.cpp">
      <Filter>threading</Filter>
    </ClCompile>
    <ClCompile Include="..\src\iTaskManager.cpp">
      <Filter>threading</Filter>
    </ClCompile>
    <ClCompile Include="..\src\iThread.cpp">
      <Filter>threading</Filter>
    </ClCompile>
    <ClCompile Include="..\src\iOctree.cpp">
      <Filter>graphics\scene\octree</Filter>
    </ClCompile>
    <ClCompile Include="..\src\iNodeVisitor.cpp">
      <Filter>graphics\scene\traversal</Filter>
    </ClCompile>
    <ClCompile Include="..\src\iNodeVisitorBoundings.cpp">
      <Filter>graphics\scene\traversal</Filter>
    </ClCompile>
    <ClCompile Include="..\src\iNodeVisitorPrintTree.cpp">
      <Filter>graphics\scene\traversal</Filter>
    </ClCompile>
    <ClCompile Include="..\src\iNodeVisitorUpdateTransform.cpp">
      <Filter>graphics\scene\traversal</Filter>
    </ClCompile>
    <ClCompile Include="..\src\iStopWatch.cpp">
      <Filter>devices</Filter>
    </ClCompile>
    <ClCompile Include="..\src\iTimer.cpp">
      <Filter>devices</Filter>
    </ClCompile>
    <ClCompile Include="..\src\iTimerHandle.cpp">
      <Filter>devices</Filter>
    </ClCompile>
    <ClCompile Include="..\src\iPixmap.cpp">
      <Filter>graphics\texture</Filter>
    </ClCompile>
    <ClCompile Include="..\src\iSprite.cpp">
      <Filter>graphics\texture</Filter>
    </ClCompile>
    <ClCompile Include="..\src\iTextureFont.cpp">
      <Filter>graphics\texture</Filter>
    </ClCompile>
    <ClCompile Include="..\src\iRenderEngine.cpp">
      <Filter>graphics</Filter>
    </ClCompile>
    <ClCompile Include="..\src\iRenderStateSet.cpp">
      <Filter>graphics</Filter>
    </ClCompile>
    <ClCompile Include="..\src\iView.cpp">
      <Filter>graphics</Filter>
    </ClCompile>
    <ClCompile Include="..\src\iScene.cpp">
      <Filter>graphics\scene</Filter>
    </ClCompile>
    <ClCompile Include="..\src\iSceneFactory.cpp">
      <Filter>graphics\scene</Filter>
    </ClCompile>
    <ClCompile Include="..\src\iNodeVolume.cpp">
      <Filter>graphics\scene\nodes</Filter>
    </ClCompile>
    <ClCompile Include="..\src\iInstancer.cpp">
      <Filter>graphics</Filter>
    </ClCompile>
    <ClCompile Include="..\src\iMaterialResourceFactory.cpp">
      <Filter>resources\material</Filter>
    </ClCompile>
    <ClCompile Include="..\src\iMaterial.cpp">
      <Filter>resources\material</Filter>
    </ClCompile>
    <ClCompile Include="..\src\iShader.cpp">
      <Filter>resources\material</Filter>
    </ClCompile>
    <ClCompile Include="..\src\iMaterialGroup.cpp">
      <Filter>resources\material</Filter>
    </ClCompile>
    <ClCompile Include="..\src\iWidgetDefaultTheme.cpp">
      <Filter>graphics\GUI</Filter>
    </ClCompile>
    <ClCompile Include="..\src\iWidgetManager.cpp">
      <Filter>graphics\GUI</Filter>
    </ClCompile>
    <ClCompile Include="..\src\iNodeCamera.cpp">
      <Filter>graphics\scene\nodes</Filter>
    </ClCompile>
    <ClCompile Include="..\src\iNodeMesh.cpp">
      <Filter>graphics\scene\nodes</Filter>
    </ClCompile>
    <ClCompile Include="..\src\iNodeModel.cpp">
      <Filter>graphics\scene\nodes</Filter>
    </ClCompile>
    <ClCompile Include="..\src\iNodeLight.cpp">
      <Filter>graphics\scene\nodes</Filter>
    </ClCompile>
    <ClCompile Include="..\src\iNodeRender.cpp">
      <Filter>graphics\scene\nodes</Filter>
    </ClCompile>
    <ClCompile Include="..\src\iNodeSkyBox.cpp">
      <Filter>graphics\scene\nodes</Filter>
    </ClCompile>
    <ClCompile Include="..\src\iNodeTransform.cpp">
      <Filter>graphics\scene\nodes</Filter>
    </ClCompile>
    <ClCompile Include="..\src\iWidget.cpp">
      <Filter>graphics\GUI\widgets</Filter>
    </ClCompile>
    <ClCompile Include="..\src\iWidgetButton.cpp">
      <Filter>graphics\GUI\widgets</Filter>
    </ClCompile>
    <ClCompile Include="..\src\iWidgetCheckBox.cpp">
      <Filter>graphics\GUI\widgets</Filter>
    </ClCompile>
    <ClCompile Include="..\src\iWidgetGroupBox.cpp">
      <Filter>graphics\GUI\widgets</Filter>
    </ClCompile>
    <ClCompile Include="..\src\iWidgetLabel.cpp">
      <Filter>graphics\GUI\widgets</Filter>
    </ClCompile>
    <ClCompile Include="..\src\iWidgetNumberChooser.cpp">
      <Filter>graphics\GUI\widgets</Filter>
    </ClCompile>
    <ClCompile Include="..\src\iWidgetPicture.cpp">
      <Filter>graphics\GUI\widgets</Filter>
    </ClCompile>
    <ClCompile Include="..\src\iWidgetScroll.cpp">
      <Filter>graphics\GUI\widgets</Filter>
    </ClCompile>
    <ClCompile Include="..\src\iWidgetTextEdit.cpp">
      <Filter>graphics\GUI\widgets</Filter>
    </ClCompile>
    <ClCompile Include="..\src\iWidgetSpacer.cpp">
      <Filter>graphics\GUI\widgets</Filter>
    </ClCompile>
    <ClCompile Include="..\src\iUserControlColorChooser.cpp">
      <Filter>graphics\GUI\user controls</Filter>
    </ClCompile>
    <ClCompile Include="..\src\iWidgetSlider.cpp">
      <Filter>graphics\GUI\widgets</Filter>
    </ClCompile>
    <ClCompile Include="..\src\iWidgetGrid.cpp">
      <Filter>graphics\GUI\widgets</Filter>
    </ClCompile>
    <ClCompile Include="..\src\iNodeSwitch.cpp">
      <Filter>graphics\scene\nodes</Filter>
    </ClCompile>
    <ClCompile Include="..\src\iNodeLODSwitch.cpp">
      <Filter>graphics\scene\nodes</Filter>
    </ClCompile>
    <ClCompile Include="..\src\iNodeLODTrigger.cpp">
      <Filter>graphics\scene\nodes</Filter>
    </ClCompile>
    <ClCompile Include="..\src\iTargetMaterial.cpp">
      <Filter>resources\material</Filter>
    </ClCompile>
    <ClCompile Include="..\src\iContouringCubes.cpp">
      <Filter>graphics\generation</Filter>
    </ClCompile>
    <ClCompile Include="..\src\iPerlinNoise.cpp">
      <Filter>graphics\generation</Filter>
    </ClCompile>
    <ClCompile Include="..\src\iModelDataIO.cpp">
      <Filter>resources\models\loader</Filter>
    </ClCompile>
    <ClCompile Include="..\src\iModelDataIOOBJ.cpp">
      <Filter>resources\models\loader</Filter>
    </ClCompile>
    <ClCompile Include="..\src\iModelDataIOOMPF.cpp">
      <Filter>resources\models\loader</Filter>
    </ClCompile>
    <ClCompile Include="..\src\iTaskFlushModels.cpp">
      <Filter>threading\tasks</Filter>
    </ClCompile>
    <ClCompile Include="..\src\iTaskFlushTextures.cpp">
      <Filter>threading\tasks</Filter>
    </ClCompile>
    <ClCompile Include="..\src\iTaskLoadModel.cpp">
      <Filter>threading\tasks</Filter>
    </ClCompile>
    <ClCompile Include="..\src\iPhysicsJoint.cpp">
      <Filter>physics</Filter>
    </ClCompile>
    <ClCompile Include="..\src\iMeshBuffers.cpp">
      <Filter>resources\mesh</Filter>
    </ClCompile>
    <ClCompile Include="..\src\iNodePhysics.cpp">
      <Filter>graphics\scene\nodes</Filter>
    </ClCompile>
    <ClCompile Include="..\src\iDataUpdateQueue.cpp">
      <Filter>graphics\scene</Filter>
    </ClCompile>
    <ClCompile Include="..\src\iPhysicsMaterial.cpp">
      <Filter>physics</Filter>
    </ClCompile>
    <ClCompile Include="..\src\iPhysicsMaterialCombo.cpp">
      <Filter>physics</Filter>
    </ClCompile>
    <ClCompile Include="..\src\iPhysicsUserMeshCollisionHandler.cpp">
      <Filter>physics</Filter>
    </ClCompile>
    <ClCompile Include="..\src\iPhysicsCollisionConfig.cpp">
      <Filter>physics</Filter>
    </ClCompile>
    <ClCompile Include="..\src\iTaskPrepareCollision.cpp">
      <Filter>threading\tasks</Filter>
    </ClCompile>
    <ClCompile Include="..\src\iPhysicsWorld.cpp">
      <Filter>physics</Filter>
    </ClCompile>
    <ClCompile Include="..\src\iParticleSystem3D.cpp">
      <Filter>graphics\simulation</Filter>
    </ClCompile>
    <ClCompile Include="..\src\iNodeParticleSystem.cpp">
      <Filter>graphics\scene\nodes</Filter>
    </ClCompile>
    <ClCompile Include="..\src\iNodeEmitter.cpp">
      <Filter>graphics\scene\nodes</Filter>
    </ClCompile>
    <ClCompile Include="..\src\iParticleEmitter.cpp">
      <Filter>graphics\simulation</Filter>
    </ClCompile>
    <ClCompile Include="..\src\iWidgetSelectBox.cpp">
      <Filter>graphics\GUI\widgets</Filter>
    </ClCompile>
    <ClCompile Include="..\src\iUserControlFileChooser.cpp">
      <Filter>graphics\GUI\user controls</Filter>
    </ClCompile>
    <ClCompile Include="..\src\iDialogMessageBox.cpp">
      <Filter>graphics\GUI\dialogs</Filter>
    </ClCompile>
    <ClCompile Include="..\src\iDialogDecisionBox.cpp">
      <Filter>graphics\GUI\dialogs</Filter>
    </ClCompile>
    <ClCompile Include="..\src\iDialogFileSelect.cpp">
      <Filter>graphics\GUI\dialogs</Filter>
    </ClCompile>
    <ClCompile Include="..\src\iDialogMenu.cpp">
      <Filter>graphics\GUI\dialogs</Filter>
    </ClCompile>
    <ClCompile Include="..\src\iBone.cpp">
      <Filter>graphics\types\bones</Filter>
    </ClCompile>
    <ClCompile Include="..\src\iSkeleton.cpp">
      <Filter>graphics\types\bones</Filter>
    </ClCompile>
    <ClCompile Include="..\src\iJoint.cpp">
      <Filter>graphics\types\bones</Filter>
    </ClCompile>
    <ClCompile Include="..\src\iLSystem.cpp">
      <Filter>graphics\generation</Filter>
    </ClCompile>
    <ClCompile Include="..\src\iNodeWater.cpp">
      <Filter>graphics\scene\nodes</Filter>
    </ClCompile>
    <ClCompile Include="..\src\iWidgetGraph.cpp">
      <Filter>graphics\GUI\widgets</Filter>
    </ClCompile>
    <ClCompile Include="..\src\iDialogColorChooser.cpp">
      <Filter>graphics\GUI\dialogs</Filter>
    </ClCompile>
    <ClCompile Include="..\src\iWidgetColor.cpp">
      <Filter>graphics\GUI\widgets</Filter>
    </ClCompile>
    <ClCompile Include="..\src\iWidgetColorGradient.cpp">
      <Filter>graphics\GUI\widgets</Filter>
    </ClCompile>
    <ClCompile Include="..\src\iDialogColorGradient.cpp">
      <Filter>graphics\GUI\dialogs</Filter>
    </ClCompile>
    <ClCompile Include="..\src\iDialog.cpp">
      <Filter>graphics\GUI\dialogs</Filter>
    </ClCompile>
    <ClCompile Include="..\src\iUserControl.cpp">
      <Filter>graphics\GUI\user controls</Filter>
    </ClCompile>
    <ClCompile Include="..\src\iDialogGraph.cpp">
      <Filter>graphics\GUI\dialogs</Filter>
    </ClCompile>
    <ClCompile Include="..\src\iStatistics.cpp">
      <Filter>resources\statistics</Filter>
    </ClCompile>
    <ClCompile Include="..\src\iStatisticsSection.cpp">
      <Filter>resources\statistics</Filter>
    </ClCompile>
    <ClCompile Include="..\src\iStatisticsVisualizer.cpp">
      <Filter>resources\statistics</Filter>
    </ClCompile>
    <ClCompile Include="..\src\iEntity.cpp">
      <Filter>entities</Filter>
    </ClCompile>
    <ClCompile Include="..\src\iEntityManager.cpp">
      <Filter>entities</Filter>
    </ClCompile>
    <ClCompile Include="..\src\iEntityLocatable.cpp">
      <Filter>entities</Filter>
    </ClCompile>
    <ClCompile Include="..\src\iVoxelData.cpp">
      <Filter>graphics\terrain\data</Filter>
    </ClCompile>
    <ClCompile Include="..\src\iTaskGenerateVoxels.cpp">
      <Filter>graphics\terrain\tasks</Filter>
    </ClCompile>
    <ClCompile Include="..\src\iTaskVoxelTerrain.cpp">
      <Filter>graphics\terrain\tasks</Filter>
    </ClCompile>
    <ClCompile Include="..\src\iVoxelOperationBox.cpp">
      <Filter>graphics\terrain\operations</Filter>
    </ClCompile>
    <ClCompile Include="..\src\iVoxelTerrain.cpp">
      <Filter>graphics\terrain</Filter>
    </ClCompile>
    <ClCompile Include="..\src\iVoxelTerrainMeshGenerator.cpp">
      <Filter>graphics\terrain</Filter>
    </ClCompile>
    <ClCompile Include="..\src\iNodeVisitorRenderBoundings.cpp">
      <Filter>graphics\scene\traversal</Filter>
    </ClCompile>
    <ClCompile Include="..\src\iNodeVisitorRenderColorID.cpp">
      <Filter>graphics\scene\traversal</Filter>
    </ClCompile>
    <ClCompile Include="..\src\iModelDataIO3DS.cpp">
      <Filter>todo</Filter>
    </ClCompile>
    <ClCompile Include="..\src\iPhysicsJointUpVector.cpp">
      <Filter>todo</Filter>
    </ClCompile>
    <ClCompile Include="..\src\iPhysicsPlayer.cpp">
      <Filter>todo</Filter>
    </ClCompile>
    <ClCompile Include="..\src\iSimpleCubes.cpp">
      <Filter>todo</Filter>
    </ClCompile>
    <ClCompile Include="..\src\iTaskUpdateLOD.cpp">
      <Filter>todo</Filter>
    </ClCompile>
    <ClCompile Include="..\src\iRenderTarget.cpp">
      <Filter>graphics\renderTargets</Filter>
    </ClCompile>
    <ClCompile Include="..\src\iWindow.cpp">
      <Filter>graphics\renderTargets</Filter>
    </ClCompile>
  </ItemGroup>
  <ItemGroup>
    <ClInclude Include="..\src\iDefines.h" />
    <ClInclude Include="..\src\Igor.h" />
    <ClInclude Include="..\..\..\3rd\GLee\include\GLee.h">
      <Filter>3rd\GLee</Filter>
    </ClInclude>
    <ClInclude Include="..\..\..\3rd\stb_image\stb_image.h">
      <Filter>3rd\stb_image</Filter>
    </ClInclude>
    <ClInclude Include="..\..\..\3rd\TinyXML\tinystr.h">
      <Filter>3rd\TinyXML</Filter>
    </ClInclude>
    <ClInclude Include="..\..\..\3rd\TinyXML\tinyxml.h">
      <Filter>3rd\TinyXML</Filter>
    </ClInclude>
    <ClInclude Include="..\src\iApplication.h">
      <Filter>application</Filter>
    </ClInclude>
    <ClInclude Include="..\src\iKeyboard.h">
      <Filter>devices</Filter>
    </ClInclude>
    <ClInclude Include="..\src\iKeyCodeMap.h">
      <Filter>devices</Filter>
    </ClInclude>
    <ClInclude Include="..\src\iMouse.h">
      <Filter>devices</Filter>
    </ClInclude>
    <ClInclude Include="..\src\iRenderer.h">
      <Filter>graphics\OpenGL</Filter>
    </ClInclude>
    <ClInclude Include="..\src\iParticleSystem2D.h">
      <Filter>graphics\simulation</Filter>
    </ClInclude>
    <ClInclude Include="..\src\iCelestialNode.h">
      <Filter>graphics\scene\nodes</Filter>
    </ClInclude>
    <ClInclude Include="..\src\iNode.h">
      <Filter>graphics\scene\nodes</Filter>
    </ClInclude>
    <ClInclude Include="..\src\iSkyLightNode.h">
      <Filter>graphics\scene\nodes</Filter>
    </ClInclude>
    <ClInclude Include="..\src\iNodeFactory.h">
      <Filter>graphics\scene\nodes</Filter>
    </ClInclude>
    <ClInclude Include="..\src\iConfigReader.h">
      <Filter>resources\configuration</Filter>
    </ClInclude>
    <ClInclude Include="..\src\iTexture.h">
      <Filter>resources\texture</Filter>
    </ClInclude>
    <ClInclude Include="..\src\iTextureResourceFactory.h">
      <Filter>resources\texture</Filter>
    </ClInclude>
    <ClInclude Include="..\src\iResourceManager.h">
      <Filter>resources</Filter>
    </ClInclude>
    <ClInclude Include="..\src\iModel.h">
      <Filter>resources\models</Filter>
    </ClInclude>
    <ClInclude Include="..\src\iModelResourceFactory.h">
      <Filter>resources\models</Filter>
    </ClInclude>
    <ClInclude Include="..\src\iMesh.h">
      <Filter>resources\mesh</Filter>
    </ClInclude>
    <ClInclude Include="..\src\iMeshBuilder.h">
      <Filter>resources\mesh</Filter>
    </ClInclude>
    <ClInclude Include="..\src\iPhysics.h">
      <Filter>physics</Filter>
    </ClInclude>
    <ClInclude Include="..\src\iPhysicsBody.h">
      <Filter>physics</Filter>
    </ClInclude>
    <ClInclude Include="..\src\iPhysicsCollision.h">
      <Filter>physics</Filter>
    </ClInclude>
    <ClInclude Include="..\src\Intersection3D.h">
      <Filter>todo</Filter>
    </ClInclude>
    <ClInclude Include="..\src\iSkySimulation.h">
      <Filter>todo</Filter>
    </ClInclude>
    <ClInclude Include="..\src\iSoundResourceFactory.h">
      <Filter>todo</Filter>
    </ClInclude>
    <ClInclude Include="..\src\iTask.h">
      <Filter>threading\tasks</Filter>
    </ClInclude>
    <ClInclude Include="..\src\iRenderContextThread.h">
      <Filter>threading</Filter>
    </ClInclude>
    <ClInclude Include="..\src\iTaskManager.h">
      <Filter>threading</Filter>
    </ClInclude>
    <ClInclude Include="..\src\iOctree.h">
      <Filter>graphics\scene\octree</Filter>
    </ClInclude>
    <ClInclude Include="..\src\iNodeVisitor.h">
      <Filter>graphics\scene\traversal</Filter>
    </ClInclude>
    <ClInclude Include="..\src\iNodeVisitorBoundings.h">
      <Filter>graphics\scene\traversal</Filter>
    </ClInclude>
    <ClInclude Include="..\src\iNodeVisitorPrintTree.h">
      <Filter>graphics\scene\traversal</Filter>
    </ClInclude>
    <ClInclude Include="..\src\iNodeVisitorUpdateTransform.h">
      <Filter>graphics\scene\traversal</Filter>
    </ClInclude>
    <ClInclude Include="..\src\iOSEvent.h">
      <Filter>devices</Filter>
    </ClInclude>
    <ClInclude Include="..\src\iOSEventListener.h">
      <Filter>devices</Filter>
    </ClInclude>
    <ClInclude Include="..\src\iStopWatch.h">
      <Filter>devices</Filter>
    </ClInclude>
    <ClInclude Include="..\src\iTimer.h">
      <Filter>devices</Filter>
    </ClInclude>
    <ClInclude Include="..\src\iTimerHandle.h">
      <Filter>devices</Filter>
    </ClInclude>
    <ClInclude Include="..\src\iPixmap.h">
      <Filter>graphics\texture</Filter>
    </ClInclude>
    <ClInclude Include="..\src\iSprite.h">
      <Filter>graphics\texture</Filter>
    </ClInclude>
    <ClInclude Include="..\src\iTextureFont.h">
      <Filter>graphics\texture</Filter>
    </ClInclude>
    <ClInclude Include="..\src\iRenderEngine.h">
      <Filter>graphics</Filter>
    </ClInclude>
    <ClInclude Include="..\src\iRenderStateSet.h">
      <Filter>graphics</Filter>
    </ClInclude>
    <ClInclude Include="..\src\iView.h">
      <Filter>graphics</Filter>
    </ClInclude>
    <ClInclude Include="..\src\iScene.h">
      <Filter>graphics\scene</Filter>
    </ClInclude>
    <ClInclude Include="..\src\iSceneFactory.h">
      <Filter>graphics\scene</Filter>
    </ClInclude>
    <ClInclude Include="..\src\iAACube.h">
      <Filter>bodies &amp; shapes</Filter>
    </ClInclude>
    <ClInclude Include="..\src\iFrustum.h">
      <Filter>bodies &amp; shapes</Filter>
    </ClInclude>
    <ClInclude Include="..\src\iPlane.h">
      <Filter>bodies &amp; shapes</Filter>
    </ClInclude>
    <ClInclude Include="..\src\iSphere.h">
      <Filter>bodies &amp; shapes</Filter>
    </ClInclude>
    <ClInclude Include="..\src\iNodeVolume.h">
      <Filter>graphics\scene\nodes</Filter>
    </ClInclude>
    <ClInclude Include="..\src\iSTBImageExt.h">
      <Filter>3rd\stb_image</Filter>
    </ClInclude>
    <ClInclude Include="..\src\iInstancer.h">
      <Filter>graphics</Filter>
    </ClInclude>
    <ClInclude Include="..\src\iMaterialResourceFactory.h">
      <Filter>resources\material</Filter>
    </ClInclude>
    <ClInclude Include="..\src\iMaterial.h">
      <Filter>resources\material</Filter>
    </ClInclude>
    <ClInclude Include="..\src\iShader.h">
      <Filter>resources\material</Filter>
    </ClInclude>
    <ClInclude Include="..\src\iMaterialGroup.h">
      <Filter>resources\material</Filter>
    </ClInclude>
    <ClInclude Include="..\src\iWidgetBaseTheme.h">
      <Filter>graphics\GUI</Filter>
    </ClInclude>
    <ClInclude Include="..\src\iWidgetDefaultTheme.h">
      <Filter>graphics\GUI</Filter>
    </ClInclude>
    <ClInclude Include="..\src\iWidgetManager.h">
      <Filter>graphics\GUI</Filter>
    </ClInclude>
    <ClInclude Include="..\src\iNodeCamera.h">
      <Filter>graphics\scene\nodes</Filter>
    </ClInclude>
    <ClInclude Include="..\src\iNodeMesh.h">
      <Filter>graphics\scene\nodes</Filter>
    </ClInclude>
    <ClInclude Include="..\src\iNodeModel.h">
      <Filter>graphics\scene\nodes</Filter>
    </ClInclude>
    <ClInclude Include="..\src\iNodeLight.h">
      <Filter>graphics\scene\nodes</Filter>
    </ClInclude>
    <ClInclude Include="..\src\iNodeRender.h">
      <Filter>graphics\scene\nodes</Filter>
    </ClInclude>
    <ClInclude Include="..\src\iNodeSkyBox.h">
      <Filter>graphics\scene\nodes</Filter>
    </ClInclude>
    <ClInclude Include="..\src\iNodeTransform.h">
      <Filter>graphics\scene\nodes</Filter>
    </ClInclude>
    <ClInclude Include="..\src\iWidget.h">
      <Filter>graphics\GUI\widgets</Filter>
    </ClInclude>
    <ClInclude Include="..\src\iWidgetButton.h">
      <Filter>graphics\GUI\widgets</Filter>
    </ClInclude>
    <ClInclude Include="..\src\iWidgetCheckBox.h">
      <Filter>graphics\GUI\widgets</Filter>
    </ClInclude>
    <ClInclude Include="..\src\iWidgetGrid.h">
      <Filter>graphics\GUI\widgets</Filter>
    </ClInclude>
    <ClInclude Include="..\src\iWidgetGroupBox.h">
      <Filter>graphics\GUI\widgets</Filter>
    </ClInclude>
    <ClInclude Include="..\src\iWidgetLabel.h">
      <Filter>graphics\GUI\widgets</Filter>
    </ClInclude>
    <ClInclude Include="..\src\iWidgetNumberChooser.h">
      <Filter>graphics\GUI\widgets</Filter>
    </ClInclude>
    <ClInclude Include="..\src\iWidgetPicture.h">
      <Filter>graphics\GUI\widgets</Filter>
    </ClInclude>
    <ClInclude Include="..\src\iWidgetScroll.h">
      <Filter>graphics\GUI\widgets</Filter>
    </ClInclude>
    <ClInclude Include="..\src\iWidgetSpacer.h">
      <Filter>graphics\GUI\widgets</Filter>
    </ClInclude>
    <ClInclude Include="..\src\iUserControlColorChooser.h">
      <Filter>graphics\GUI\user controls</Filter>
    </ClInclude>
    <ClInclude Include="..\src\iWidgetSlider.h">
      <Filter>graphics\GUI\widgets</Filter>
    </ClInclude>
    <ClInclude Include="..\src\iNodeSwitch.h">
      <Filter>graphics\scene\nodes</Filter>
    </ClInclude>
    <ClInclude Include="..\src\iNodeLODSwitch.h">
      <Filter>graphics\scene\nodes</Filter>
    </ClInclude>
    <ClInclude Include="..\src\iNodeLODTrigger.h">
      <Filter>graphics\scene\nodes</Filter>
    </ClInclude>
    <ClInclude Include="..\src\iTargetMaterial.h">
      <Filter>resources\material</Filter>
    </ClInclude>
    <ClInclude Include="..\src\iContouringCubes.h">
      <Filter>graphics\generation</Filter>
    </ClInclude>
    <ClInclude Include="..\src\iPerlinNoise.h">
      <Filter>graphics\generation</Filter>
    </ClInclude>
    <ClInclude Include="..\src\iModelDataIO.h">
      <Filter>resources\models\loader</Filter>
    </ClInclude>
    <ClInclude Include="..\src\iModelDataIOOBJ.h">
      <Filter>resources\models\loader</Filter>
    </ClInclude>
    <ClInclude Include="..\src\iModelDataIOOMPF.h">
      <Filter>resources\models\loader</Filter>
    </ClInclude>
    <ClInclude Include="..\src\iTaskFlushModels.h">
      <Filter>threading\tasks</Filter>
    </ClInclude>
    <ClInclude Include="..\src\iTaskFlushTextures.h">
      <Filter>threading\tasks</Filter>
    </ClInclude>
    <ClInclude Include="..\src\iTaskLoadModel.h">
      <Filter>threading\tasks</Filter>
    </ClInclude>
    <ClInclude Include="..\src\iPhysicsJoint.h">
      <Filter>physics</Filter>
    </ClInclude>
    <ClInclude Include="..\src\iVersion.h" />
    <ClInclude Include="..\src\iMeshBuffers.h">
      <Filter>resources\mesh</Filter>
    </ClInclude>
    <ClInclude Include="..\src\iNodePhysics.h">
      <Filter>graphics\scene\nodes</Filter>
    </ClInclude>
    <ClInclude Include="..\src\iDataUpdateQueue.h">
      <Filter>graphics\scene</Filter>
    </ClInclude>
    <ClInclude Include="..\src\iPhysicsMaterial.h">
      <Filter>physics</Filter>
    </ClInclude>
    <ClInclude Include="..\src\iPhysicsMaterialCombo.h">
      <Filter>physics</Filter>
    </ClInclude>
    <ClInclude Include="..\src\iPhysicsUserMeshCollisionHandler.h">
      <Filter>physics</Filter>
    </ClInclude>
    <ClInclude Include="..\src\iAABox.h">
      <Filter>bodies &amp; shapes</Filter>
    </ClInclude>
    <ClInclude Include="..\src\iPhysicsCollisionConfig.h">
      <Filter>physics</Filter>
    </ClInclude>
    <ClInclude Include="..\src\iTaskPrepareCollision.h">
      <Filter>threading\tasks</Filter>
    </ClInclude>
    <ClInclude Include="..\src\iPhysicsWorld.h">
      <Filter>physics</Filter>
    </ClInclude>
    <ClInclude Include="..\src\iParticleSystem3D.h">
      <Filter>graphics\simulation</Filter>
    </ClInclude>
    <ClInclude Include="..\src\iNodeParticleSystem.h">
      <Filter>graphics\scene\nodes</Filter>
    </ClInclude>
    <ClInclude Include="..\src\iNodeEmitter.h">
      <Filter>graphics\scene\nodes</Filter>
    </ClInclude>
    <ClInclude Include="..\src\iParticleEmitter.h">
      <Filter>graphics\simulation</Filter>
    </ClInclude>
    <ClInclude Include="..\src\iWidgetSelectBox.h">
      <Filter>graphics\GUI\widgets</Filter>
    </ClInclude>
    <ClInclude Include="..\src\iUserControlFileChooser.h">
      <Filter>graphics\GUI\user controls</Filter>
    </ClInclude>
    <ClInclude Include="..\src\iDialogMessageBox.h">
      <Filter>graphics\GUI\dialogs</Filter>
    </ClInclude>
    <ClInclude Include="..\src\iDialogDecisionBox.h">
      <Filter>graphics\GUI\dialogs</Filter>
    </ClInclude>
    <ClInclude Include="..\src\iDialogFileSelect.h">
      <Filter>graphics\GUI\dialogs</Filter>
    </ClInclude>
    <ClInclude Include="..\src\iDialogMenu.h">
      <Filter>graphics\GUI\dialogs</Filter>
    </ClInclude>
    <ClInclude Include="..\src\iThread.h">
      <Filter>threading</Filter>
    </ClInclude>
    <ClInclude Include="..\src\iBone.h">
      <Filter>graphics\types\bones</Filter>
    </ClInclude>
    <ClInclude Include="..\src\iSkeleton.h">
      <Filter>graphics\types\bones</Filter>
    </ClInclude>
    <ClInclude Include="..\src\iJoint.h">
      <Filter>graphics\types\bones</Filter>
    </ClInclude>
    <ClInclude Include="..\src\iLSystem.h">
      <Filter>graphics\generation</Filter>
    </ClInclude>
    <ClInclude Include="..\src\iNodeWater.h">
      <Filter>graphics\scene\nodes</Filter>
    </ClInclude>
    <ClInclude Include="..\src\iWidgetTextEdit.h">
      <Filter>graphics\GUI\widgets</Filter>
    </ClInclude>
    <ClInclude Include="..\src\iWidgetGraph.h">
      <Filter>graphics\GUI\widgets</Filter>
    </ClInclude>
    <ClInclude Include="..\src\iDialogColorChooser.h">
      <Filter>graphics\GUI\dialogs</Filter>
    </ClInclude>
    <ClInclude Include="..\src\iWidgetColor.h">
      <Filter>graphics\GUI\widgets</Filter>
    </ClInclude>
    <ClInclude Include="..\src\iWidgetColorGradient.h">
      <Filter>graphics\GUI\widgets</Filter>
    </ClInclude>
    <ClInclude Include="..\src\iDialogColorGradient.h">
      <Filter>graphics\GUI\dialogs</Filter>
    </ClInclude>
    <ClInclude Include="..\src\iDialog.h">
      <Filter>graphics\GUI\dialogs</Filter>
    </ClInclude>
    <ClInclude Include="..\src\iUserControl.h">
      <Filter>graphics\GUI\user controls</Filter>
    </ClInclude>
    <ClInclude Include="..\src\iRectangle.h">
      <Filter>bodies &amp; shapes</Filter>
    </ClInclude>
    <ClInclude Include="..\src\iIntersection.h">
      <Filter>bodies &amp; shapes</Filter>
    </ClInclude>
    <ClInclude Include="..\src\iDialogGraph.h">
      <Filter>graphics\GUI\dialogs</Filter>
    </ClInclude>
    <ClInclude Include="..\src\iStatistics.h">
      <Filter>resources\statistics</Filter>
    </ClInclude>
    <ClInclude Include="..\src\iStatisticsSection.h">
      <Filter>resources\statistics</Filter>
    </ClInclude>
    <ClInclude Include="..\src\iStatisticsVisualizer.h">
      <Filter>resources\statistics</Filter>
    </ClInclude>
    <ClInclude Include="..\src\iEntity.h">
      <Filter>entities</Filter>
    </ClInclude>
    <ClInclude Include="..\src\iEntityManager.h">
      <Filter>entities</Filter>
    </ClInclude>
    <ClInclude Include="..\src\iEntityLocatable.h">
      <Filter>entities</Filter>
    </ClInclude>
    <ClInclude Include="..\src\iVoxelData.h">
      <Filter>graphics\terrain\data</Filter>
    </ClInclude>
    <ClInclude Include="..\src\iTaskGenerateVoxels.h">
      <Filter>graphics\terrain\tasks</Filter>
    </ClInclude>
    <ClInclude Include="..\src\iTaskVoxelTerrain.h">
      <Filter>graphics\terrain\tasks</Filter>
    </ClInclude>
    <ClInclude Include="..\src\iVoxelBlock.h">
      <Filter>graphics\terrain\data</Filter>
    </ClInclude>
    <ClInclude Include="..\src\iVoxelOperation.h">
      <Filter>graphics\terrain\operations</Filter>
    </ClInclude>
    <ClInclude Include="..\src\iVoxelOperationBox.h">
      <Filter>graphics\terrain\operations</Filter>
    </ClInclude>
    <ClInclude Include="..\src\iVoxelTerrain.h">
      <Filter>graphics\terrain</Filter>
    </ClInclude>
    <ClInclude Include="..\src\iVoxelTerrainMeshGenerator.h">
      <Filter>graphics\terrain</Filter>
    </ClInclude>
    <ClInclude Include="..\src\iNodeVisitorRenderBoundings.h">
      <Filter>graphics\scene\traversal</Filter>
    </ClInclude>
    <ClInclude Include="..\src\iNodeVisitorRenderColorID.h">
      <Filter>graphics\scene\traversal</Filter>
    </ClInclude>
    <ClInclude Include="..\src\iModelDataIO3DS.h">
      <Filter>todo</Filter>
    </ClInclude>
    <ClInclude Include="..\src\iPhysicsJointUpVector.h">
      <Filter>todo</Filter>
    </ClInclude>
    <ClInclude Include="..\src\iPhysicsPlayer.h">
      <Filter>todo</Filter>
    </ClInclude>
    <ClInclude Include="..\src\iSimpleCubes.h">
      <Filter>todo</Filter>
    </ClInclude>
    <ClInclude Include="..\src\iTaskUpdateLOD.h">
      <Filter>todo</Filter>
    </ClInclude>
    <ClInclude Include="..\src\iRenderTarget.h">
      <Filter>graphics\renderTargets</Filter>
    </ClInclude>
    <ClInclude Include="..\src\iWindow.h">
      <Filter>graphics\renderTargets</Filter>
    </ClInclude>
  </ItemGroup>
  <ItemGroup>
    <None Include="..\src\iSprite.inl">
      <Filter>graphics\texture</Filter>
    </None>
    <None Include="..\src\iAACube.inl">
      <Filter>bodies &amp; shapes</Filter>
    </None>
    <None Include="..\src\iFrustum.inl">
      <Filter>bodies &amp; shapes</Filter>
    </None>
    <None Include="..\src\iPlane.inl">
      <Filter>bodies &amp; shapes</Filter>
    </None>
    <None Include="..\src\iSphere.inl">
      <Filter>bodies &amp; shapes</Filter>
    </None>
    <None Include="..\src\iMesh.inl">
      <Filter>resources\mesh</Filter>
    </None>
    <None Include="..\src\iInstancer.inl">
      <Filter>graphics</Filter>
    </None>
    <None Include="..\src\iWidget.inl">
      <Filter>graphics\GUI\widgets</Filter>
    </None>
    <None Include="..\src\iTargetMaterial.inl">
      <Filter>resources\material</Filter>
    </None>
    <None Include="..\src\iPerlinNoise.inl">
      <Filter>graphics\generation</Filter>
    </None>
    <None Include="..\src\iMeshBuffers.inl">
      <Filter>resources\mesh</Filter>
    </None>
    <None Include="..\src\iAABox.inl">
      <Filter>bodies &amp; shapes</Filter>
    </None>
    <None Include="..\src\iRectangle.inl">
      <Filter>bodies &amp; shapes</Filter>
    </None>
    <None Include="..\src\iIntersection.inl">
      <Filter>bodies &amp; shapes</Filter>
    </None>
  </ItemGroup>
  <ItemGroup>
    <Filter Include="3rd">
      <UniqueIdentifier>{e77f6641-e56a-4f76-a3c8-f588701df1db}</UniqueIdentifier>
    </Filter>
    <Filter Include="application">
      <UniqueIdentifier>{517adc26-f9cf-475f-8dbd-83257b3c9f44}</UniqueIdentifier>
    </Filter>
    <Filter Include="3rd\GLee">
      <UniqueIdentifier>{4d5a298f-19c7-4713-b584-a8506cf7a2b2}</UniqueIdentifier>
    </Filter>
    <Filter Include="3rd\stb_image">
      <UniqueIdentifier>{5ab7b10c-e4d8-452e-b2b1-26d2aa71f7bc}</UniqueIdentifier>
    </Filter>
    <Filter Include="3rd\TinyXML">
      <UniqueIdentifier>{4835bc69-e1bc-46e7-9c19-17d2806009e9}</UniqueIdentifier>
    </Filter>
    <Filter Include="devices">
      <UniqueIdentifier>{7439be0e-0be3-4059-ba0c-446d35c87cf1}</UniqueIdentifier>
    </Filter>
    <Filter Include="graphics">
      <UniqueIdentifier>{9c9458da-a174-40b8-a62e-0d736743c77f}</UniqueIdentifier>
    </Filter>
    <Filter Include="physics">
      <UniqueIdentifier>{6405a0c4-3aae-45af-a01f-b6fb7526eaf0}</UniqueIdentifier>
    </Filter>
    <Filter Include="resources">
      <UniqueIdentifier>{6711d7d9-35a5-4a6a-8709-50a91a382a66}</UniqueIdentifier>
    </Filter>
    <Filter Include="threading">
      <UniqueIdentifier>{8e75589a-e993-4b37-a60d-e93963ecde0e}</UniqueIdentifier>
    </Filter>
    <Filter Include="todo">
      <UniqueIdentifier>{ba0d6957-59db-4bc4-8241-17631899f4c8}</UniqueIdentifier>
    </Filter>
    <Filter Include="graphics\OpenGL">
      <UniqueIdentifier>{e7a7a7e5-4e38-488f-a442-f1d26a7be27c}</UniqueIdentifier>
    </Filter>
    <Filter Include="graphics\simulation">
      <UniqueIdentifier>{adc83f57-4398-46ea-a33d-6d86602a6829}</UniqueIdentifier>
    </Filter>
    <Filter Include="graphics\texture">
      <UniqueIdentifier>{fcb963e9-e4d0-4777-b7fd-8dc9762d2de1}</UniqueIdentifier>
    </Filter>
    <Filter Include="graphics\types">
      <UniqueIdentifier>{9121e140-a5d2-4fbe-afd1-4695d8a50613}</UniqueIdentifier>
    </Filter>
    <Filter Include="resources\configuration">
      <UniqueIdentifier>{7fa8a902-3040-4cf9-862b-707797ef1083}</UniqueIdentifier>
    </Filter>
    <Filter Include="resources\mesh">
      <UniqueIdentifier>{70b160e2-36c2-4774-9db3-f415645f21da}</UniqueIdentifier>
    </Filter>
    <Filter Include="resources\models">
      <UniqueIdentifier>{46b50347-d1ef-4d4c-a6ea-f08f6c531335}</UniqueIdentifier>
    </Filter>
    <Filter Include="resources\texture">
      <UniqueIdentifier>{23762d58-7f14-44d8-b5e9-e35fe90d4358}</UniqueIdentifier>
    </Filter>
    <Filter Include="resources\models\loader">
      <UniqueIdentifier>{24963998-91ad-4def-b7ab-8cd4c9c1374c}</UniqueIdentifier>
    </Filter>
    <Filter Include="threading\tasks">
      <UniqueIdentifier>{5473f40e-6e38-4c78-a977-b578420715cd}</UniqueIdentifier>
    </Filter>
    <Filter Include="resources\material">
      <UniqueIdentifier>{638ae758-7383-4864-852e-b29ff69ccf82}</UniqueIdentifier>
    </Filter>
    <Filter Include="graphics\types\bones">
      <UniqueIdentifier>{0f96c3a3-c80d-41c3-b0ba-c7cd9045209f}</UniqueIdentifier>
    </Filter>
    <Filter Include="graphics\generation">
      <UniqueIdentifier>{2c949176-de8e-4a4e-9e9e-dc9b70155d86}</UniqueIdentifier>
    </Filter>
    <Filter Include="bodies &amp; shapes">
      <UniqueIdentifier>{1aa658a5-b141-4c81-8ed7-c7599c5e025d}</UniqueIdentifier>
    </Filter>
    <Filter Include="resources\statistics">
      <UniqueIdentifier>{58005712-136c-489b-80a1-deb7d7ccf43e}</UniqueIdentifier>
    </Filter>
    <Filter Include="entities">
      <UniqueIdentifier>{1637c4c0-32a5-4ba1-8496-a9f83e01a217}</UniqueIdentifier>
    </Filter>
    <Filter Include="graphics\GUI">
      <UniqueIdentifier>{b62dc271-c0f3-416d-970b-09c15311a96f}</UniqueIdentifier>
    </Filter>
    <Filter Include="graphics\GUI\widgets">
      <UniqueIdentifier>{63bf3126-5565-433e-9fd3-b112a8f7e2a2}</UniqueIdentifier>
    </Filter>
    <Filter Include="graphics\GUI\dialogs">
      <UniqueIdentifier>{649c416c-f9bb-43d8-a399-9705d77e47dd}</UniqueIdentifier>
    </Filter>
    <Filter Include="graphics\GUI\user controls">
      <UniqueIdentifier>{2f0e59f2-09be-454c-bbc6-0c709a633d7e}</UniqueIdentifier>
    </Filter>
    <Filter Include="graphics\scene">
      <UniqueIdentifier>{80183df9-8e19-4b5f-89fa-e4f981a9a683}</UniqueIdentifier>
    </Filter>
    <Filter Include="graphics\scene\nodes">
      <UniqueIdentifier>{bd96684d-4510-4c26-82b0-d9690a6e2dc6}</UniqueIdentifier>
    </Filter>
    <Filter Include="graphics\scene\traversal">
      <UniqueIdentifier>{d24b4dfe-e782-4ee1-9e5f-8900c0f4c9d1}</UniqueIdentifier>
    </Filter>
    <Filter Include="graphics\scene\octree">
      <UniqueIdentifier>{104fa5da-7f85-4598-a502-c30f41d4f8b4}</UniqueIdentifier>
    </Filter>
    <Filter Include="graphics\terrain">
      <UniqueIdentifier>{8fa6a8e6-6632-481d-aee0-f49045e8ba35}</UniqueIdentifier>
    </Filter>
    <Filter Include="graphics\terrain\data">
      <UniqueIdentifier>{2abde1d1-2ead-430c-a31f-d51588d7d058}</UniqueIdentifier>
    </Filter>
    <Filter Include="graphics\terrain\tasks">
      <UniqueIdentifier>{1b99dad5-d970-461c-840e-debbbee6f339}</UniqueIdentifier>
    </Filter>
    <Filter Include="graphics\terrain\operations">
      <UniqueIdentifier>{48fdb292-5fb3-404a-9378-aaf533b9daf4}</UniqueIdentifier>
    </Filter>
    <Filter Include="graphics\renderTargets">
      <UniqueIdentifier>{657f74c9-8a3b-41f8-b798-f55f3fa83ab4}</UniqueIdentifier>
    </Filter>
  </ItemGroup>
</Project>