<?xml version="1.0" encoding="utf-8"?>
<Project ToolsVersion="4.0" xmlns="http://schemas.microsoft.com/developer/msbuild/2003">
  <ItemGroup>
    <ClCompile Include="..\src\OMPF.cpp" />
    <ClCompile Include="..\src\ompfSettings.cpp" />
    <ClCompile Include="..\src\ompfBaseChunk.cpp">
      <Filter>chunks</Filter>
    </ClCompile>
    <ClCompile Include="..\src\ompfExternalReferenceChunk.cpp">
      <Filter>chunks</Filter>
    </ClCompile>
    <ClCompile Include="..\src\ompfGroupChunk.cpp">
      <Filter>chunks</Filter>
    </ClCompile>
    <ClCompile Include="..\src\ompfHeaderChunk.cpp">
      <Filter>chunks</Filter>
    </ClCompile>
    <ClCompile Include="..\src\ompfMaterialChunk.cpp">
      <Filter>chunks</Filter>
    </ClCompile>
    <ClCompile Include="..\src\ompfMeshChunk.cpp">
      <Filter>chunks</Filter>
    </ClCompile>
    <ClCompile Include="..\src\ompfResourceSearchPathChunk.cpp">
      <Filter>chunks</Filter>
    </ClCompile>
    <ClCompile Include="..\src\ompfTransformChunk.cpp">
      <Filter>chunks</Filter>
    </ClCompile>
    <ClCompile Include="..\src\ompfEmitterChunk.cpp">
      <Filter>chunks</Filter>
    </ClCompile>
    <ClCompile Include="..\src\ompfParticleSystemChunk.cpp">
      <Filter>chunks</Filter>
    </ClCompile>
  </ItemGroup>
  <ItemGroup>
    <ClInclude Include="..\src\OMPF.h" />
    <ClInclude Include="..\src\ompfDefines.h" />
    <ClInclude Include="..\src\ompfSettings.h" />
    <ClInclude Include="..\src\ompfBaseChunk.h">
      <Filter>chunks</Filter>
    </ClInclude>
    <ClInclude Include="..\src\ompfExternalReferenceChunk.h">
      <Filter>chunks</Filter>
    </ClInclude>
    <ClInclude Include="..\src\ompfGroupChunk.h">
      <Filter>chunks</Filter>
    </ClInclude>
    <ClInclude Include="..\src\ompfHeaderChunk.h">
      <Filter>chunks</Filter>
    </ClInclude>
    <ClInclude Include="..\src\ompfMaterialChunk.h">
      <Filter>chunks</Filter>
    </ClInclude>
    <ClInclude Include="..\src\ompfMeshChunk.h">
      <Filter>chunks</Filter>
    </ClInclude>
    <ClInclude Include="..\src\ompfResourceSearchPathChunk.h">
      <Filter>chunks</Filter>
    </ClInclude>
    <ClInclude Include="..\src\ompfTransformChunk.h">
      <Filter>chunks</Filter>
    </ClInclude>
    <ClInclude Include="..\src\ompfVersion.h" />
    <ClInclude Include="..\src\ompfEmitterChunk.h">
      <Filter>chunks</Filter>
    </ClInclude>
    <ClInclude Include="..\src\ompfParticleSystemChunk.h">
      <Filter>chunks</Filter>
    </ClInclude>
  </ItemGroup>
  <ItemGroup>
    <Filter Include="chunks">
      <UniqueIdentifier>{a98b1d5e-5138-41b7-afa4-4218892ea738}</UniqueIdentifier>
    </Filter>
  </ItemGroup>
</Project>