
Microsoft Visual Studio Solution File, Format Version 12.00
# Visual Studio 14
VisualStudioVersion = 14.0.24720.0
MinimumVisualStudioVersion = 10.0.40219.1
Project("{8BC9CEB8-8B4A-11D0-8D11-00A0C91BC942}") = "Mouse", "Mouse.vcxproj", "{DE10D3FF-0276-4E49-8BBB-D935F15BA21F}"
	ProjectSection(ProjectDependencies) = postProject
		{E6761A09-13E3-42C5-94CD-636A5CDF5C5A} = {E6761A09-13E3-42C5-94CD-636A5CDF5C5A}
		{4BFF697B-A2DC-472B-BA1A-4169BCEFA532} = {4BFF697B-A2DC-472B-BA1A-4169BCEFA532}
		{879EBAB3-D7D7-473D-BB32-6A07964F12F9} = {879EBAB3-D7D7-473D-BB32-6A07964F12F9}
	EndProjectSection
EndProject
Project("{8BC9CEB8-8B4A-11D0-8D11-00A0C91BC942}") = "Igor", "..\..\..\src\Igor\vs14\Igor.vcxproj", "{4BFF697B-A2DC-472B-BA1A-4169BCEFA532}"
	ProjectSection(ProjectDependencies) = postProject
		{E6761A09-13E3-42C5-94CD-636A5CDF5C5A} = {E6761A09-13E3-42C5-94CD-636A5CDF5C5A}
		{879EBAB3-D7D7-473D-BB32-6A07964F12F9} = {879EBAB3-D7D7-473D-BB32-6A07964F12F9}
	EndProjectSection
EndProject
Project("{8BC9CEB8-8B4A-11D0-8D11-00A0C91BC942}") = "IgorAux", "..\..\..\src\IgorAux\vs14\IgorAux.vcxproj", "{879EBAB3-D7D7-473D-BB32-6A07964F12F9}"
EndProject
Project("{8BC9CEB8-8B4A-11D0-8D11-00A0C91BC942}") = "OMPF", "..\..\..\src\OMPF\vs14\OMPF.vcxproj", "{E6761A09-13E3-42C5-94CD-636A5CDF5C5A}"
	ProjectSection(ProjectDependencies) = postProject
		{879EBAB3-D7D7-473D-BB32-6A07964F12F9} = {879EBAB3-D7D7-473D-BB32-6A07964F12F9}
	EndProjectSection
EndProject
Project("{2150E333-8FDC-42A3-9474-1A3956D46DE8}") = "engine", "engine", "{1774884E-D0B4-420D-8FF9-0D6E165E3A3B}"
EndProject
Global
	GlobalSection(SolutionConfigurationPlatforms) = preSolution
		Debug|x64 = Debug|x64
		Debug|x86 = Debug|x86
		Release|x64 = Release|x64
		Release|x86 = Release|x86
	EndGlobalSection
	GlobalSection(ProjectConfigurationPlatforms) = postSolution
		{DE10D3FF-0276-4E49-8BBB-D935F15BA21F}.Debug|x64.ActiveCfg = Debug|x64
		{DE10D3FF-0276-4E49-8BBB-D935F15BA21F}.Debug|x64.Build.0 = Debug|x64
		{DE10D3FF-0276-4E49-8BBB-D935F15BA21F}.Debug|x86.ActiveCfg = Debug|Win32
		{DE10D3FF-0276-4E49-8BBB-D935F15BA21F}.Release|x64.ActiveCfg = Release|x64
		{DE10D3FF-0276-4E49-8BBB-D935F15BA21F}.Release|x64.Build.0 = Release|x64
		{DE10D3FF-0276-4E49-8BBB-D935F15BA21F}.Release|x86.ActiveCfg = Release|Win32
		{4BFF697B-A2DC-472B-BA1A-4169BCEFA532}.Debug|x64.ActiveCfg = Debug|x64
		{4BFF697B-A2DC-472B-BA1A-4169BCEFA532}.Debug|x64.Build.0 = Debug|x64
		{4BFF697B-A2DC-472B-BA1A-4169BCEFA532}.Debug|x86.ActiveCfg = Debug|Win32
		{4BFF697B-A2DC-472B-BA1A-4169BCEFA532}.Debug|x86.Build.0 = Debug|Win32
		{4BFF697B-A2DC-472B-BA1A-4169BCEFA532}.Release|x64.ActiveCfg = Release|x64
		{4BFF697B-A2DC-472B-BA1A-4169BCEFA532}.Release|x64.Build.0 = Release|x64
		{4BFF697B-A2DC-472B-BA1A-4169BCEFA532}.Release|x86.ActiveCfg = Release|Win32
		{4BFF697B-A2DC-472B-BA1A-4169BCEFA532}.Release|x86.Build.0 = Release|Win32
		{879EBAB3-D7D7-473D-BB32-6A07964F12F9}.Debug|x64.ActiveCfg = Debug|x64
		{879EBAB3-D7D7-473D-BB32-6A07964F12F9}.Debug|x64.Build.0 = Debug|x64
		{879EBAB3-D7D7-473D-BB32-6A07964F12F9}.Debug|x86.ActiveCfg = Debug|Win32
		{879EBAB3-D7D7-473D-BB32-6A07964F12F9}.Debug|x86.Build.0 = Debug|Win32
		{879EBAB3-D7D7-473D-BB32-6A07964F12F9}.Release|x64.ActiveCfg = Release|x64
		{879EBAB3-D7D7-473D-BB32-6A07964F12F9}.Release|x64.Build.0 = Release|x64
		{879EBAB3-D7D7-473D-BB32-6A07964F12F9}.Release|x86.ActiveCfg = Release|Win32
		{879EBAB3-D7D7-473D-BB32-6A07964F12F9}.Release|x86.Build.0 = Release|Win32
		{E6761A09-13E3-42C5-94CD-636A5CDF5C5A}.Debug|x64.ActiveCfg = Debug|x64
		{E6761A09-13E3-42C5-94CD-636A5CDF5C5A}.Debug|x64.Build.0 = Debug|x64
		{E6761A09-13E3-42C5-94CD-636A5CDF5C5A}.Debug|x86.ActiveCfg = Debug|Win32
		{E6761A09-13E3-42C5-94CD-636A5CDF5C5A}.Debug|x86.Build.0 = Debug|Win32
		{E6761A09-13E3-42C5-94CD-636A5CDF5C5A}.Release|x64.ActiveCfg = Release|x64
		{E6761A09-13E3-42C5-94CD-636A5CDF5C5A}.Release|x64.Build.0 = Release|x64
		{E6761A09-13E3-42C5-94CD-636A5CDF5C5A}.Release|x86.ActiveCfg = Release|Win32
		{E6761A09-13E3-42C5-94CD-636A5CDF5C5A}.Release|x86.Build.0 = Release|Win32
	EndGlobalSection
	GlobalSection(SolutionProperties) = preSolution
		HideSolutionNode = FALSE
	EndGlobalSection
	GlobalSection(NestedProjects) = preSolution
		{4BFF697B-A2DC-472B-BA1A-4169BCEFA532} = {1774884E-D0B4-420D-8FF9-0D6E165E3A3B}
		{879EBAB3-D7D7-473D-BB32-6A07964F12F9} = {1774884E-D0B4-420D-8FF9-0D6E165E3A3B}
		{E6761A09-13E3-42C5-94CD-636A5CDF5C5A} = {1774884E-D0B4-420D-8FF9-0D6E165E3A3B}
	EndGlobalSection
EndGlobal
