<?xml version="1.0" encoding="utf-8"?>
<Project ToolsVersion="4.0" xmlns="http://schemas.microsoft.com/developer/msbuild/2003">
  <ItemGroup>
    <Filter Include="src">
      <UniqueIdentifier>{2a13e08f-281c-4d2a-b742-0903e55efd71}</UniqueIdentifier>
    </Filter>
    <Filter Include="src\Terrain">
      <UniqueIdentifier>{fe2a421c-1114-474b-8170-b94ac4fcc266}</UniqueIdentifier>
    </Filter>
    <Filter Include="src\components">
      <UniqueIdentifier>{933b3476-dbc7-4da8-9ebd-e18bb8a8c320}</UniqueIdentifier>
    </Filter>
  </ItemGroup>
  <ItemGroup>
    <ClCompile Include="..\src\Ascent.cpp">
      <Filter>src</Filter>
    </ClCompile>
    <ClCompile Include="..\src\main.cpp">
      <Filter>src</Filter>
    </ClCompile>
    <ClCompile Include="..\src\VoxelTerrainGenerator.cpp">
      <Filter>src\Terrain</Filter>
    </ClCompile>
    <ClCompile Include="..\src\VoxelTerrainMeshGenerator.cpp">
      <Filter>src\Terrain</Filter>
    </ClCompile>
    <ClCompile Include="..\src\TaskGenerateVoxels.cpp">
      <Filter>src\Terrain</Filter>
    </ClCompile>
  </ItemGroup>
  <ItemGroup>
    <ClInclude Include="..\src\Ascent.h">
      <Filter>src</Filter>
    </ClInclude>
    <ClInclude Include="..\src\VoxelTerrainGenerator.h">
      <Filter>src\Terrain</Filter>
    </ClInclude>
    <ClInclude Include="..\src\VoxelTerrainMeshGenerator.h">
      <Filter>src\Terrain</Filter>
    </ClInclude>
    <ClInclude Include="..\src\TaskGenerateVoxels.h">
      <Filter>src\Terrain</Filter>
    </ClInclude>
    <ClInclude Include="..\src\ComponentAttributes.h">
      <Filter>src\components</Filter>
    </ClInclude>
  </ItemGroup>
</Project>